// !$*UTF8*$!
{
	archiveVersion = 1;
	classes = {
	};
	objectVersion = 50;
	objects = {

/* Begin PBXBuildFile section */
		01DFCA5E233FB35D00DECB81 /* AppDelegate.swift in Sources */ = {isa = PBXBuildFile; fileRef = 01DFCA5D233FB35D00DECB81 /* AppDelegate.swift */; };
		01DFCA60233FB35D00DECB81 /* SceneDelegate.swift in Sources */ = {isa = PBXBuildFile; fileRef = 01DFCA5F233FB35D00DECB81 /* SceneDelegate.swift */; };
		01DFCA62233FB35D00DECB81 /* ViewController.swift in Sources */ = {isa = PBXBuildFile; fileRef = 01DFCA61233FB35D00DECB81 /* ViewController.swift */; };
		01DFCA65233FB35D00DECB81 /* Main.storyboard in Resources */ = {isa = PBXBuildFile; fileRef = 01DFCA63233FB35D00DECB81 /* Main.storyboard */; };
		01DFCA67233FB35F00DECB81 /* Assets.xcassets in Resources */ = {isa = PBXBuildFile; fileRef = 01DFCA66233FB35F00DECB81 /* Assets.xcassets */; };
		01DFCA6A233FB35F00DECB81 /* LaunchScreen.storyboard in Resources */ = {isa = PBXBuildFile; fileRef = 01DFCA68233FB35F00DECB81 /* LaunchScreen.storyboard */; };
		01DFCA75233FB35F00DECB81 /* FlickrFeedTests.swift in Sources */ = {isa = PBXBuildFile; fileRef = 01DFCA74233FB35F00DECB81 /* FlickrFeedTests.swift */; };
		01DFCA80233FB35F00DECB81 /* FlickrFeedUITests.swift in Sources */ = {isa = PBXBuildFile; fileRef = 01DFCA7F233FB35F00DECB81 /* FlickrFeedUITests.swift */; };
/* End PBXBuildFile section */

/* Begin PBXContainerItemProxy section */
		01DFCA71233FB35F00DECB81 /* PBXContainerItemProxy */ = {
			isa = PBXContainerItemProxy;
			containerPortal = 01DFCA52233FB35D00DECB81 /* Project object */;
			proxyType = 1;
			remoteGlobalIDString = 01DFCA59233FB35D00DECB81;
			remoteInfo = FlickrFeed;
		};
		01DFCA7C233FB35F00DECB81 /* PBXContainerItemProxy */ = {
			isa = PBXContainerItemProxy;
			containerPortal = 01DFCA52233FB35D00DECB81 /* Project object */;
			proxyType = 1;
			remoteGlobalIDString = 01DFCA59233FB35D00DECB81;
			remoteInfo = FlickrFeed;
		};
/* End PBXContainerItemProxy section */

/* Begin PBXFileReference section */
		01DFCA5A233FB35D00DECB81 /* FlickrFeed.app */ = {isa = PBXFileReference; explicitFileType = wrapper.application; includeInIndex = 0; path = FlickrFeed.app; sourceTree = BUILT_PRODUCTS_DIR; };
		01DFCA5D233FB35D00DECB81 /* AppDelegate.swift */ = {isa = PBXFileReference; lastKnownFileType = sourcecode.swift; path = AppDelegate.swift; sourceTree = "<group>"; };
		01DFCA5F233FB35D00DECB81 /* SceneDelegate.swift */ = {isa = PBXFileReference; lastKnownFileType = sourcecode.swift; path = SceneDelegate.swift; sourceTree = "<group>"; };
		01DFCA61233FB35D00DECB81 /* ViewController.swift */ = {isa = PBXFileReference; lastKnownFileType = sourcecode.swift; path = ViewController.swift; sourceTree = "<group>"; };
		01DFCA64233FB35D00DECB81 /* Base */ = {isa = PBXFileReference; lastKnownFileType = file.storyboard; name = Base; path = Base.lproj/Main.storyboard; sourceTree = "<group>"; };
		01DFCA66233FB35F00DECB81 /* Assets.xcassets */ = {isa = PBXFileReference; lastKnownFileType = folder.assetcatalog; path = Assets.xcassets; sourceTree = "<group>"; };
		01DFCA69233FB35F00DECB81 /* Base */ = {isa = PBXFileReference; lastKnownFileType = file.storyboard; name = Base; path = Base.lproj/LaunchScreen.storyboard; sourceTree = "<group>"; };
		01DFCA6B233FB35F00DECB81 /* Info.plist */ = {isa = PBXFileReference; lastKnownFileType = text.plist.xml; path = Info.plist; sourceTree = "<group>"; };
		01DFCA70233FB35F00DECB81 /* FlickrFeedTests.xctest */ = {isa = PBXFileReference; explicitFileType = wrapper.cfbundle; includeInIndex = 0; path = FlickrFeedTests.xctest; sourceTree = BUILT_PRODUCTS_DIR; };
		01DFCA74233FB35F00DECB81 /* FlickrFeedTests.swift */ = {isa = PBXFileReference; lastKnownFileType = sourcecode.swift; path = FlickrFeedTests.swift; sourceTree = "<group>"; };
		01DFCA76233FB35F00DECB81 /* Info.plist */ = {isa = PBXFileReference; lastKnownFileType = text.plist.xml; path = Info.plist; sourceTree = "<group>"; };
		01DFCA7B233FB35F00DECB81 /* FlickrFeedUITests.xctest */ = {isa = PBXFileReference; explicitFileType = wrapper.cfbundle; includeInIndex = 0; path = FlickrFeedUITests.xctest; sourceTree = BUILT_PRODUCTS_DIR; };
		01DFCA7F233FB35F00DECB81 /* FlickrFeedUITests.swift */ = {isa = PBXFileReference; lastKnownFileType = sourcecode.swift; path = FlickrFeedUITests.swift; sourceTree = "<group>"; };
		01DFCA81233FB35F00DECB81 /* Info.plist */ = {isa = PBXFileReference; lastKnownFileType = text.plist.xml; path = Info.plist; sourceTree = "<group>"; };
/* End PBXFileReference section */

/* Begin PBXFrameworksBuildPhase section */
		01DFCA57233FB35D00DECB81 /* Frameworks */ = {
			isa = PBXFrameworksBuildPhase;
			buildActionMask = 2147483647;
			files = (
			);
			runOnlyForDeploymentPostprocessing = 0;
		};
		01DFCA6D233FB35F00DECB81 /* Frameworks */ = {
			isa = PBXFrameworksBuildPhase;
			buildActionMask = 2147483647;
			files = (
			);
			runOnlyForDeploymentPostprocessing = 0;
		};
		01DFCA78233FB35F00DECB81 /* Frameworks */ = {
			isa = PBXFrameworksBuildPhase;
			buildActionMask = 2147483647;
			files = (
			);
			runOnlyForDeploymentPostprocessing = 0;
		};
/* End PBXFrameworksBuildPhase section */

/* Begin PBXGroup section */
		01DFCA51233FB35D00DECB81 = {
			isa = PBXGroup;
			children = (
				01DFCA5C233FB35D00DECB81 /* FlickrFeed */,
				01DFCA73233FB35F00DECB81 /* FlickrFeedTests */,
				01DFCA7E233FB35F00DECB81 /* FlickrFeedUITests */,
				01DFCA5B233FB35D00DECB81 /* Products */,
			);
			sourceTree = "<group>";
		};
		01DFCA5B233FB35D00DECB81 /* Products */ = {
			isa = PBXGroup;
			children = (
				01DFCA5A233FB35D00DECB81 /* FlickrFeed.app */,
				01DFCA70233FB35F00DECB81 /* FlickrFeedTests.xctest */,
				01DFCA7B233FB35F00DECB81 /* FlickrFeedUITests.xctest */,
			);
			name = Products;
			sourceTree = "<group>";
		};
		01DFCA5C233FB35D00DECB81 /* FlickrFeed */ = {
			isa = PBXGroup;
			children = (
				01DFCA5D233FB35D00DECB81 /* AppDelegate.swift */,
				01DFCA5F233FB35D00DECB81 /* SceneDelegate.swift */,
				01DFCA61233FB35D00DECB81 /* ViewController.swift */,
				01DFCA63233FB35D00DECB81 /* Main.storyboard */,
				01DFCA66233FB35F00DECB81 /* Assets.xcassets */,
				01DFCA68233FB35F00DECB81 /* LaunchScreen.storyboard */,
				01DFCA6B233FB35F00DECB81 /* Info.plist */,
			);
			path = FlickrFeed;
			sourceTree = "<group>";
		};
		01DFCA73233FB35F00DECB81 /* FlickrFeedTests */ = {
			isa = PBXGroup;
			children = (
				01DFCA74233FB35F00DECB81 /* FlickrFeedTests.swift */,
				01DFCA76233FB35F00DECB81 /* Info.plist */,
			);
			path = FlickrFeedTests;
			sourceTree = "<group>";
		};
		01DFCA7E233FB35F00DECB81 /* FlickrFeedUITests */ = {
			isa = PBXGroup;
			children = (
				01DFCA7F233FB35F00DECB81 /* FlickrFeedUITests.swift */,
				01DFCA81233FB35F00DECB81 /* Info.plist */,
			);
			path = FlickrFeedUITests;
			sourceTree = "<group>";
		};
/* End PBXGroup section */

/* Begin PBXNativeTarget section */
		01DFCA59233FB35D00DECB81 /* FlickrFeed */ = {
			isa = PBXNativeTarget;
			buildConfigurationList = 01DFCA84233FB35F00DECB81 /* Build configuration list for PBXNativeTarget "FlickrFeed" */;
			buildPhases = (
				01DFCA56233FB35D00DECB81 /* Sources */,
				01DFCA57233FB35D00DECB81 /* Frameworks */,
				01DFCA58233FB35D00DECB81 /* Resources */,
			);
			buildRules = (
			);
			dependencies = (
			);
			name = FlickrFeed;
			productName = FlickrFeed;
			productReference = 01DFCA5A233FB35D00DECB81 /* FlickrFeed.app */;
			productType = "com.apple.product-type.application";
		};
		01DFCA6F233FB35F00DECB81 /* FlickrFeedTests */ = {
			isa = PBXNativeTarget;
			buildConfigurationList = 01DFCA87233FB35F00DECB81 /* Build configuration list for PBXNativeTarget "FlickrFeedTests" */;
			buildPhases = (
				01DFCA6C233FB35F00DECB81 /* Sources */,
				01DFCA6D233FB35F00DECB81 /* Frameworks */,
				01DFCA6E233FB35F00DECB81 /* Resources */,
			);
			buildRules = (
			);
			dependencies = (
				01DFCA72233FB35F00DECB81 /* PBXTargetDependency */,
			);
			name = FlickrFeedTests;
			productName = FlickrFeedTests;
			productReference = 01DFCA70233FB35F00DECB81 /* FlickrFeedTests.xctest */;
			productType = "com.apple.product-type.bundle.unit-test";
		};
		01DFCA7A233FB35F00DECB81 /* FlickrFeedUITests */ = {
			isa = PBXNativeTarget;
			buildConfigurationList = 01DFCA8A233FB35F00DECB81 /* Build configuration list for PBXNativeTarget "FlickrFeedUITests" */;
			buildPhases = (
				01DFCA77233FB35F00DECB81 /* Sources */,
				01DFCA78233FB35F00DECB81 /* Frameworks */,
				01DFCA79233FB35F00DECB81 /* Resources */,
			);
			buildRules = (
			);
			dependencies = (
				01DFCA7D233FB35F00DECB81 /* PBXTargetDependency */,
			);
			name = FlickrFeedUITests;
			productName = FlickrFeedUITests;
			productReference = 01DFCA7B233FB35F00DECB81 /* FlickrFeedUITests.xctest */;
			productType = "com.apple.product-type.bundle.ui-testing";
		};
/* End PBXNativeTarget section */

/* Begin PBXProject section */
		01DFCA52233FB35D00DECB81 /* Project object */ = {
			isa = PBXProject;
			attributes = {
				LastSwiftUpdateCheck = 1100;
				LastUpgradeCheck = 1100;
				ORGANIZATIONNAME = "Sudipta Sahoo";
				TargetAttributes = {
					01DFCA59233FB35D00DECB81 = {
						CreatedOnToolsVersion = 11.0;
					};
					01DFCA6F233FB35F00DECB81 = {
						CreatedOnToolsVersion = 11.0;
						TestTargetID = 01DFCA59233FB35D00DECB81;
					};
					01DFCA7A233FB35F00DECB81 = {
						CreatedOnToolsVersion = 11.0;
						TestTargetID = 01DFCA59233FB35D00DECB81;
					};
				};
			};
			buildConfigurationList = 01DFCA55233FB35D00DECB81 /* Build configuration list for PBXProject "FlickrFeed" */;
			compatibilityVersion = "Xcode 9.3";
			developmentRegion = en;
			hasScannedForEncodings = 0;
			knownRegions = (
				en,
				Base,
			);
			mainGroup = 01DFCA51233FB35D00DECB81;
			productRefGroup = 01DFCA5B233FB35D00DECB81 /* Products */;
			projectDirPath = "";
			projectRoot = "";
			targets = (
				01DFCA59233FB35D00DECB81 /* FlickrFeed */,
				01DFCA6F233FB35F00DECB81 /* FlickrFeedTests */,
				01DFCA7A233FB35F00DECB81 /* FlickrFeedUITests */,
			);
		};
/* End PBXProject section */

/* Begin PBXResourcesBuildPhase section */
		01DFCA58233FB35D00DECB81 /* Resources */ = {
			isa = PBXResourcesBuildPhase;
			buildActionMask = 2147483647;
			files = (
				01DFCA6A233FB35F00DECB81 /* LaunchScreen.storyboard in Resources */,
				01DFCA67233FB35F00DECB81 /* Assets.xcassets in Resources */,
				01DFCA65233FB35D00DECB81 /* Main.storyboard in Resources */,
			);
			runOnlyForDeploymentPostprocessing = 0;
		};
		01DFCA6E233FB35F00DECB81 /* Resources */ = {
			isa = PBXResourcesBuildPhase;
			buildActionMask = 2147483647;
			files = (
			);
			runOnlyForDeploymentPostprocessing = 0;
		};
		01DFCA79233FB35F00DECB81 /* Resources */ = {
			isa = PBXResourcesBuildPhase;
			buildActionMask = 2147483647;
			files = (
			);
			runOnlyForDeploymentPostprocessing = 0;
		};
/* End PBXResourcesBuildPhase section */

/* Begin PBXSourcesBuildPhase section */
		01DFCA56233FB35D00DECB81 /* Sources */ = {
			isa = PBXSourcesBuildPhase;
			buildActionMask = 2147483647;
			files = (
				01DFCA62233FB35D00DECB81 /* ViewController.swift in Sources */,
				01DFCA5E233FB35D00DECB81 /* AppDelegate.swift in Sources */,
				01DFCA60233FB35D00DECB81 /* SceneDelegate.swift in Sources */,
			);
			runOnlyForDeploymentPostprocessing = 0;
		};
		01DFCA6C233FB35F00DECB81 /* Sources */ = {
			isa = PBXSourcesBuildPhase;
			buildActionMask = 2147483647;
			files = (
				01DFCA75233FB35F00DECB81 /* FlickrFeedTests.swift in Sources */,
			);
			runOnlyForDeploymentPostprocessing = 0;
		};
		01DFCA77233FB35F00DECB81 /* Sources */ = {
			isa = PBXSourcesBuildPhase;
			buildActionMask = 2147483647;
			files = (
				01DFCA80233FB35F00DECB81 /* FlickrFeedUITests.swift in Sources */,
			);
			runOnlyForDeploymentPostprocessing = 0;
		};
/* End PBXSourcesBuildPhase section */

/* Begin PBXTargetDependency section */
		01DFCA72233FB35F00DECB81 /* PBXTargetDependency */ = {
			isa = PBXTargetDependency;
			target = 01DFCA59233FB35D00DECB81 /* FlickrFeed */;
			targetProxy = 01DFCA71233FB35F00DECB81 /* PBXContainerItemProxy */;
		};
		01DFCA7D233FB35F00DECB81 /* PBXTargetDependency */ = {
			isa = PBXTargetDependency;
			target = 01DFCA59233FB35D00DECB81 /* FlickrFeed */;
			targetProxy = 01DFCA7C233FB35F00DECB81 /* PBXContainerItemProxy */;
		};
/* End PBXTargetDependency section */

/* Begin PBXVariantGroup section */
		01DFCA63233FB35D00DECB81 /* Main.storyboard */ = {
			isa = PBXVariantGroup;
			children = (
				01DFCA64233FB35D00DECB81 /* Base */,
			);
			name = Main.storyboard;
			sourceTree = "<group>";
		};
		01DFCA68233FB35F00DECB81 /* LaunchScreen.storyboard */ = {
			isa = PBXVariantGroup;
			children = (
				01DFCA69233FB35F00DECB81 /* Base */,
			);
			name = LaunchScreen.storyboard;
			sourceTree = "<group>";
		};
/* End PBXVariantGroup section */

/* Begin XCBuildConfiguration section */
		01DFCA82233FB35F00DECB81 /* Debug */ = {
			isa = XCBuildConfiguration;
			buildSettings = {
				ALWAYS_SEARCH_USER_PATHS = NO;
				CLANG_ANALYZER_NONNULL = YES;
				CLANG_ANALYZER_NUMBER_OBJECT_CONVERSION = YES_AGGRESSIVE;
				CLANG_CXX_LANGUAGE_STANDARD = "gnu++14";
				CLANG_CXX_LIBRARY = "libc++";
				CLANG_ENABLE_MODULES = YES;
				CLANG_ENABLE_OBJC_ARC = YES;
				CLANG_ENABLE_OBJC_WEAK = YES;
				CLANG_WARN_BLOCK_CAPTURE_AUTORELEASING = YES;
				CLANG_WARN_BOOL_CONVERSION = YES;
				CLANG_WARN_COMMA = YES;
				CLANG_WARN_CONSTANT_CONVERSION = YES;
				CLANG_WARN_DEPRECATED_OBJC_IMPLEMENTATIONS = YES;
				CLANG_WARN_DIRECT_OBJC_ISA_USAGE = YES_ERROR;
				CLANG_WARN_DOCUMENTATION_COMMENTS = YES;
				CLANG_WARN_EMPTY_BODY = YES;
				CLANG_WARN_ENUM_CONVERSION = YES;
				CLANG_WARN_INFINITE_RECURSION = YES;
				CLANG_WARN_INT_CONVERSION = YES;
				CLANG_WARN_NON_LITERAL_NULL_CONVERSION = YES;
				CLANG_WARN_OBJC_IMPLICIT_RETAIN_SELF = YES;
				CLANG_WARN_OBJC_LITERAL_CONVERSION = YES;
				CLANG_WARN_OBJC_ROOT_CLASS = YES_ERROR;
				CLANG_WARN_RANGE_LOOP_ANALYSIS = YES;
				CLANG_WARN_STRICT_PROTOTYPES = YES;
				CLANG_WARN_SUSPICIOUS_MOVE = YES;
				CLANG_WARN_UNGUARDED_AVAILABILITY = YES_AGGRESSIVE;
				CLANG_WARN_UNREACHABLE_CODE = YES;
				CLANG_WARN__DUPLICATE_METHOD_MATCH = YES;
				COPY_PHASE_STRIP = NO;
				DEBUG_INFORMATION_FORMAT = dwarf;
				ENABLE_STRICT_OBJC_MSGSEND = YES;
				ENABLE_TESTABILITY = YES;
				GCC_C_LANGUAGE_STANDARD = gnu11;
				GCC_DYNAMIC_NO_PIC = NO;
				GCC_NO_COMMON_BLOCKS = YES;
				GCC_OPTIMIZATION_LEVEL = 0;
				GCC_PREPROCESSOR_DEFINITIONS = (
					"DEBUG=1",
					"$(inherited)",
				);
				GCC_WARN_64_TO_32_BIT_CONVERSION = YES;
				GCC_WARN_ABOUT_RETURN_TYPE = YES_ERROR;
				GCC_WARN_UNDECLARED_SELECTOR = YES;
				GCC_WARN_UNINITIALIZED_AUTOS = YES_AGGRESSIVE;
				GCC_WARN_UNUSED_FUNCTION = YES;
				GCC_WARN_UNUSED_VARIABLE = YES;
				IPHONEOS_DEPLOYMENT_TARGET = 13.0;
				MTL_ENABLE_DEBUG_INFO = INCLUDE_SOURCE;
				MTL_FAST_MATH = YES;
				ONLY_ACTIVE_ARCH = YES;
				SDKROOT = iphoneos;
				SWIFT_ACTIVE_COMPILATION_CONDITIONS = DEBUG;
				SWIFT_OPTIMIZATION_LEVEL = "-Onone";
			};
			name = Debug;
		};
		01DFCA83233FB35F00DECB81 /* Release */ = {
			isa = XCBuildConfiguration;
			buildSettings = {
				ALWAYS_SEARCH_USER_PATHS = NO;
				CLANG_ANALYZER_NONNULL = YES;
				CLANG_ANALYZER_NUMBER_OBJECT_CONVERSION = YES_AGGRESSIVE;
				CLANG_CXX_LANGUAGE_STANDARD = "gnu++14";
				CLANG_CXX_LIBRARY = "libc++";
				CLANG_ENABLE_MODULES = YES;
				CLANG_ENABLE_OBJC_ARC = YES;
				CLANG_ENABLE_OBJC_WEAK = YES;
				CLANG_WARN_BLOCK_CAPTURE_AUTORELEASING = YES;
				CLANG_WARN_BOOL_CONVERSION = YES;
				CLANG_WARN_COMMA = YES;
				CLANG_WARN_CONSTANT_CONVERSION = YES;
				CLANG_WARN_DEPRECATED_OBJC_IMPLEMENTATIONS = YES;
				CLANG_WARN_DIRECT_OBJC_ISA_USAGE = YES_ERROR;
				CLANG_WARN_DOCUMENTATION_COMMENTS = YES;
				CLANG_WARN_EMPTY_BODY = YES;
				CLANG_WARN_ENUM_CONVERSION = YES;
				CLANG_WARN_INFINITE_RECURSION = YES;
				CLANG_WARN_INT_CONVERSION = YES;
				CLANG_WARN_NON_LITERAL_NULL_CONVERSION = YES;
				CLANG_WARN_OBJC_IMPLICIT_RETAIN_SELF = YES;
				CLANG_WARN_OBJC_LITERAL_CONVERSION = YES;
				CLANG_WARN_OBJC_ROOT_CLASS = YES_ERROR;
				CLANG_WARN_RANGE_LOOP_ANALYSIS = YES;
				CLANG_WARN_STRICT_PROTOTYPES = YES;
				CLANG_WARN_SUSPICIOUS_MOVE = YES;
				CLANG_WARN_UNGUARDED_AVAILABILITY = YES_AGGRESSIVE;
				CLANG_WARN_UNREACHABLE_CODE = YES;
				CLANG_WARN__DUPLICATE_METHOD_MATCH = YES;
				COPY_PHASE_STRIP = NO;
				DEBUG_INFORMATION_FORMAT = "dwarf-with-dsym";
				ENABLE_NS_ASSERTIONS = NO;
				ENABLE_STRICT_OBJC_MSGSEND = YES;
				GCC_C_LANGUAGE_STANDARD = gnu11;
				GCC_NO_COMMON_BLOCKS = YES;
				GCC_WARN_64_TO_32_BIT_CONVERSION = YES;
				GCC_WARN_ABOUT_RETURN_TYPE = YES_ERROR;
				GCC_WARN_UNDECLARED_SELECTOR = YES;
				GCC_WARN_UNINITIALIZED_AUTOS = YES_AGGRESSIVE;
				GCC_WARN_UNUSED_FUNCTION = YES;
				GCC_WARN_UNUSED_VARIABLE = YES;
				IPHONEOS_DEPLOYMENT_TARGET = 13.0;
				MTL_ENABLE_DEBUG_INFO = NO;
				MTL_FAST_MATH = YES;
				SDKROOT = iphoneos;
				SWIFT_COMPILATION_MODE = wholemodule;
				SWIFT_OPTIMIZATION_LEVEL = "-O";
				VALIDATE_PRODUCT = YES;
			};
			name = Release;
		};
		01DFCA85233FB35F00DECB81 /* Debug */ = {
			isa = XCBuildConfiguration;
			buildSettings = {
				ASSETCATALOG_COMPILER_APPICON_NAME = AppIcon;
				CODE_SIGN_STYLE = Automatic;
				DEVELOPMENT_TEAM = 298428699Q;
				INFOPLIST_FILE = FlickrFeed/Info.plist;
				LD_RUNPATH_SEARCH_PATHS = (
					"$(inherited)",
					"@executable_path/Frameworks",
				);
				PRODUCT_BUNDLE_IDENTIFIER = com.sudiptasahoo.FlickrFeed;
				PRODUCT_NAME = "$(TARGET_NAME)";
				SWIFT_VERSION = 5.0;
				TARGETED_DEVICE_FAMILY = "1,2";
			};
			name = Debug;
		};
		01DFCA86233FB35F00DECB81 /* Release */ = {
			isa = XCBuildConfiguration;
			buildSettings = {
				ASSETCATALOG_COMPILER_APPICON_NAME = AppIcon;
				CODE_SIGN_STYLE = Automatic;
				DEVELOPMENT_TEAM = 298428699Q;
				INFOPLIST_FILE = FlickrFeed/Info.plist;
				LD_RUNPATH_SEARCH_PATHS = (
					"$(inherited)",
					"@executable_path/Frameworks",
				);
				PRODUCT_BUNDLE_IDENTIFIER = com.sudiptasahoo.FlickrFeed;
				PRODUCT_NAME = "$(TARGET_NAME)";
				SWIFT_VERSION = 5.0;
				TARGETED_DEVICE_FAMILY = "1,2";
			};
			name = Release;
		};
		01DFCA88233FB35F00DECB81 /* Debug */ = {
			isa = XCBuildConfiguration;
			buildSettings = {
				ALWAYS_EMBED_SWIFT_STANDARD_LIBRARIES = YES;
				BUNDLE_LOADER = "$(TEST_HOST)";
				CODE_SIGN_STYLE = Automatic;
				DEVELOPMENT_TEAM = 298428699Q;
				INFOPLIST_FILE = FlickrFeedTests/Info.plist;
				IPHONEOS_DEPLOYMENT_TARGET = 13.0;
				LD_RUNPATH_SEARCH_PATHS = (
					"$(inherited)",
					"@executable_path/Frameworks",
					"@loader_path/Frameworks",
				);
				PRODUCT_BUNDLE_IDENTIFIER = com.sudiptasahoo.FlickrFeedTests;
				PRODUCT_NAME = "$(TARGET_NAME)";
				SWIFT_VERSION = 5.0;
				TARGETED_DEVICE_FAMILY = "1,2";
				TEST_HOST = "$(BUILT_PRODUCTS_DIR)/FlickrFeed.app/FlickrFeed";
			};
			name = Debug;
		};
		01DFCA89233FB35F00DECB81 /* Release */ = {
			isa = XCBuildConfiguration;
			buildSettings = {
				ALWAYS_EMBED_SWIFT_STANDARD_LIBRARIES = YES;
				BUNDLE_LOADER = "$(TEST_HOST)";
				CODE_SIGN_STYLE = Automatic;
				DEVELOPMENT_TEAM = 298428699Q;
				INFOPLIST_FILE = FlickrFeedTests/Info.plist;
				IPHONEOS_DEPLOYMENT_TARGET = 13.0;
				LD_RUNPATH_SEARCH_PATHS = (
					"$(inherited)",
					"@executable_path/Frameworks",
					"@loader_path/Frameworks",
				);
				PRODUCT_BUNDLE_IDENTIFIER = com.sudiptasahoo.FlickrFeedTests;
				PRODUCT_NAME = "$(TARGET_NAME)";
				SWIFT_VERSION = 5.0;
				TARGETED_DEVICE_FAMILY = "1,2";
				TEST_HOST = "$(BUILT_PRODUCTS_DIR)/FlickrFeed.app/FlickrFeed";
			};
			name = Release;
		};
		01DFCA8B233FB35F00DECB81 /* Debug */ = {
			isa = XCBuildConfiguration;
			buildSettings = {
				ALWAYS_EMBED_SWIFT_STANDARD_LIBRARIES = YES;
				CODE_SIGN_STYLE = Automatic;
				DEVELOPMENT_TEAM = 298428699Q;
				INFOPLIST_FILE = FlickrFeedUITests/Info.plist;
				LD_RUNPATH_SEARCH_PATHS = (
					"$(inherited)",
					"@executable_path/Frameworks",
					"@loader_path/Frameworks",
				);
				PRODUCT_BUNDLE_IDENTIFIER = com.sudiptasahoo.FlickrFeedUITests;
				PRODUCT_NAME = "$(TARGET_NAME)";
				SWIFT_VERSION = 5.0;
				TARGETED_DEVICE_FAMILY = "1,2";
				TEST_TARGET_NAME = FlickrFeed;
			};
			name = Debug;
		};
		01DFCA8C233FB35F00DECB81 /* Release */ = {
			isa = XCBuildConfiguration;
			buildSettings = {
				ALWAYS_EMBED_SWIFT_STANDARD_LIBRARIES = YES;
				CODE_SIGN_STYLE = Automatic;
				DEVELOPMENT_TEAM = 298428699Q;
				INFOPLIST_FILE = FlickrFeedUITests/Info.plist;
				LD_RUNPATH_SEARCH_PATHS = (
					"$(inherited)",
					"@executable_path/Frameworks",
					"@loader_path/Frameworks",
				);
				PRODUCT_BUNDLE_IDENTIFIER = com.sudiptasahoo.FlickrFeedUITests;
				PRODUCT_NAME = "$(TARGET_NAME)";
				SWIFT_VERSION = 5.0;
				TARGETED_DEVICE_FAMILY = "1,2";
				TEST_TARGET_NAME = FlickrFeed;
			};
			name = Release;
		};
/* End XCBuildConfiguration section */

/* Begin XCConfigurationList section */
		01DFCA55233FB35D00DECB81 /* Build configuration list for PBXProject "FlickrFeed" */ = {
			isa = XCConfigurationList;
			buildConfigurations = (
				01DFCA82233FB35F00DECB81 /* Debug */,
				01DFCA83233FB35F00DECB81 /* Release */,
			);
			defaultConfigurationIsVisible = 0;
			defaultConfigurationName = Release;
		};
		01DFCA84233FB35F00DECB81 /* Build configuration list for PBXNativeTarget "FlickrFeed" */ = {
			isa = XCConfigurationList;
			buildConfigurations = (
				01DFCA85233FB35F00DECB81 /* Debug */,
				01DFCA86233FB35F00DECB81 /* Release */,
			);
			defaultConfigurationIsVisible = 0;
			defaultConfigurationName = Release;
		};
		01DFCA87233FB35F00DECB81 /* Build configuration list for PBXNativeTarget "FlickrFeedTests" */ = {
			isa = XCConfigurationList;
			buildConfigurations = (
				01DFCA88233FB35F00DECB81 /* Debug */,
				01DFCA89233FB35F00DECB81 /* Release */,
			);
			defaultConfigurationIsVisible = 0;
			defaultConfigurationName = Release;
		};
		01DFCA8A233FB35F00DECB81 /* Build configuration list for PBXNativeTarget "FlickrFeedUITests" */ = {
			isa = XCConfigurationList;
			buildConfigurations = (
				01DFCA8B233FB35F00DECB81 /* Debug */,
				01DFCA8C233FB35F00DECB81 /* Release */,
			);
			defaultConfigurationIsVisible = 0;
			defaultConfigurationName = Release;
		};
/* End XCConfigurationList section */
	};
	rootObject = 01DFCA52233FB35D00DECB81 /* Project object */;
}
