// !$*UTF8*$!
{
	archiveVersion = 1;
	classes = {
	};
	objectVersion = 50;
	objects = {

/* Begin PBXBuildFile section */
		010AD8262344E53900819A6D /* UIViewController+Alert.swift in Sources */ = {isa = PBXBuildFile; fileRef = 010AD8252344E53900819A6D /* UIViewController+Alert.swift */; };
		010AD8282344EF0800819A6D /* EasyCache.swift in Sources */ = {isa = PBXBuildFile; fileRef = 010AD8272344EF0800819A6D /* EasyCache.swift */; };
		013F034423459465002E29E8 /* AppError.swift in Sources */ = {isa = PBXBuildFile; fileRef = 013F034323459465002E29E8 /* AppError.swift */; };
		013F0347234598DE002E29E8 /* FlickrAPIEndPointTests.swift in Sources */ = {isa = PBXBuildFile; fileRef = 013F0346234598DE002E29E8 /* FlickrAPIEndPointTests.swift */; };
		013F034A2345F2E6002E29E8 /* MockNetworking.swift in Sources */ = {isa = PBXBuildFile; fileRef = 013F03492345F2E6002E29E8 /* MockNetworking.swift */; };
		013F034C2345FC8B002E29E8 /* MockRequestBehaviour.swift in Sources */ = {isa = PBXBuildFile; fileRef = 013F034B2345FC8B002E29E8 /* MockRequestBehaviour.swift */; };
		013F034E234600E0002E29E8 /* MockEndPoint.swift in Sources */ = {isa = PBXBuildFile; fileRef = 013F034D234600E0002E29E8 /* MockEndPoint.swift */; };
		013F035023460856002E29E8 /* Constants.swift in Sources */ = {isa = PBXBuildFile; fileRef = 013F034F23460856002E29E8 /* Constants.swift */; };
		013FDC53234298DF00A24022 /* EasyNetworking.framework in Frameworks */ = {isa = PBXBuildFile; fileRef = 013FDC4A234298DF00A24022 /* EasyNetworking.framework */; };
		013FDC5C234298DF00A24022 /* EasyNetworking.h in Headers */ = {isa = PBXBuildFile; fileRef = 013FDC4C234298DF00A24022 /* EasyNetworking.h */; settings = {ATTRIBUTES = (Public, ); }; };
		013FDC5F234298DF00A24022 /* EasyNetworking.framework in Frameworks */ = {isa = PBXBuildFile; fileRef = 013FDC4A234298DF00A24022 /* EasyNetworking.framework */; };
		013FDC60234298DF00A24022 /* EasyNetworking.framework in Embed Frameworks */ = {isa = PBXBuildFile; fileRef = 013FDC4A234298DF00A24022 /* EasyNetworking.framework */; settings = {ATTRIBUTES = (CodeSignOnCopy, RemoveHeadersOnCopy, ); }; };
		013FDC7B234298F400A24022 /* NetworkOperation.swift in Sources */ = {isa = PBXBuildFile; fileRef = 013FDC6A234298F400A24022 /* NetworkOperation.swift */; };
		013FDC7C234298F400A24022 /* URLRequest+Encoding.swift in Sources */ = {isa = PBXBuildFile; fileRef = 013FDC6B234298F400A24022 /* URLRequest+Encoding.swift */; };
		013FDC7D234298F400A24022 /* NetworkRequestBehaviour.swift in Sources */ = {isa = PBXBuildFile; fileRef = 013FDC6C234298F400A24022 /* NetworkRequestBehaviour.swift */; };
		013FDC7E234298F400A24022 /* RequestPreparer.swift in Sources */ = {isa = PBXBuildFile; fileRef = 013FDC6D234298F400A24022 /* RequestPreparer.swift */; };
		013FDC7F234298F400A24022 /* Response.swift in Sources */ = {isa = PBXBuildFile; fileRef = 013FDC6E234298F400A24022 /* Response.swift */; };
		013FDC80234298F400A24022 /* NetworkDispatcher.swift in Sources */ = {isa = PBXBuildFile; fileRef = 013FDC6F234298F400A24022 /* NetworkDispatcher.swift */; };
		013FDC81234298F400A24022 /* NetworkBuilder.swift in Sources */ = {isa = PBXBuildFile; fileRef = 013FDC71234298F400A24022 /* NetworkBuilder.swift */; };
		013FDC82234298F400A24022 /* NetworkTask.swift in Sources */ = {isa = PBXBuildFile; fileRef = 013FDC73234298F400A24022 /* NetworkTask.swift */; };
		013FDC83234298F400A24022 /* URLEncoder.swift in Sources */ = {isa = PBXBuildFile; fileRef = 013FDC74234298F400A24022 /* URLEncoder.swift */; };
		013FDC84234298F400A24022 /* EndPoint.swift in Sources */ = {isa = PBXBuildFile; fileRef = 013FDC75234298F400A24022 /* EndPoint.swift */; };
		013FDC85234298F400A24022 /* StatusBarLoader.swift in Sources */ = {isa = PBXBuildFile; fileRef = 013FDC77234298F400A24022 /* StatusBarLoader.swift */; };
		013FDC86234298F400A24022 /* NetworkLogger.swift in Sources */ = {isa = PBXBuildFile; fileRef = 013FDC78234298F400A24022 /* NetworkLogger.swift */; };
		013FDC87234298F400A24022 /* NetworkError.swift in Sources */ = {isa = PBXBuildFile; fileRef = 013FDC7A234298F400A24022 /* NetworkError.swift */; };
		013FDC9623429C5400A24022 /* FlickrFeed.swift in Sources */ = {isa = PBXBuildFile; fileRef = 013FDC9523429C5400A24022 /* FlickrFeed.swift */; };
		013FDC982342A05F00A24022 /* FlickrAPI.swift in Sources */ = {isa = PBXBuildFile; fileRef = 013FDC972342A05F00A24022 /* FlickrAPI.swift */; };
		013FDC9A2342A15E00A24022 /* Constants.swift in Sources */ = {isa = PBXBuildFile; fileRef = 013FDC992342A15E00A24022 /* Constants.swift */; };
		013FDCA82342A28C00A24022 /* SearchViewModel.swift in Sources */ = {isa = PBXBuildFile; fileRef = 013FDCA72342A28C00A24022 /* SearchViewModel.swift */; };
		013FDCB22343B49300A24022 /* SearchProtocols.swift in Sources */ = {isa = PBXBuildFile; fileRef = 013FDCAD2343B49300A24022 /* SearchProtocols.swift */; };
		013FDCB62343B81100A24022 /* SearchInteractorTests.swift in Sources */ = {isa = PBXBuildFile; fileRef = 013FDCB52343B81100A24022 /* SearchInteractorTests.swift */; };
		013FDCB82343B81D00A24022 /* SearchPresenterTests.swift in Sources */ = {isa = PBXBuildFile; fileRef = 013FDCB72343B81D00A24022 /* SearchPresenterTests.swift */; };
		013FDCBA2343B86000A24022 /* SearchViewModelTests.swift in Sources */ = {isa = PBXBuildFile; fileRef = 013FDCB92343B86000A24022 /* SearchViewModelTests.swift */; };
		013FDCBD2343C10000A24022 /* EasyNetworkingMock.swift in Sources */ = {isa = PBXBuildFile; fileRef = 013FDCBC2343C10000A24022 /* EasyNetworkingMock.swift */; };
		013FDCC22343C1E200A24022 /* MockData.json in Resources */ = {isa = PBXBuildFile; fileRef = 013FDCC12343C1E200A24022 /* MockData.json */; };
		013FDCC52343C66600A24022 /* Constants.swift in Sources */ = {isa = PBXBuildFile; fileRef = 013FDCC42343C66600A24022 /* Constants.swift */; };
		013FDCCE2343E4B800A24022 /* SearchModuleBuilder.swift in Sources */ = {isa = PBXBuildFile; fileRef = 013FDCC82343E4B800A24022 /* SearchModuleBuilder.swift */; };
		013FDCCF2343E4B800A24022 /* SearchPresenter.swift in Sources */ = {isa = PBXBuildFile; fileRef = 013FDCC92343E4B800A24022 /* SearchPresenter.swift */; };
		013FDCD02343E4B800A24022 /* SearchRouter.swift in Sources */ = {isa = PBXBuildFile; fileRef = 013FDCCA2343E4B800A24022 /* SearchRouter.swift */; };
		013FDCD12343E4B800A24022 /* SearchViewController.swift in Sources */ = {isa = PBXBuildFile; fileRef = 013FDCCB2343E4B800A24022 /* SearchViewController.swift */; };
		013FDCD32343E4B800A24022 /* SearchInteractor.swift in Sources */ = {isa = PBXBuildFile; fileRef = 013FDCCD2343E4B800A24022 /* SearchInteractor.swift */; };
		013FDCD62343EFBE00A24022 /* UIView+Autolayout.swift in Sources */ = {isa = PBXBuildFile; fileRef = 013FDCD52343EFBE00A24022 /* UIView+Autolayout.swift */; };
		013FDCD82343F00300A24022 /* UIView+Loader.swift in Sources */ = {isa = PBXBuildFile; fileRef = 013FDCD72343F00300A24022 /* UIView+Loader.swift */; };
		013FDCDA2343F27800A24022 /* PhotoCollectionViewCell.swift in Sources */ = {isa = PBXBuildFile; fileRef = 013FDCD92343F27800A24022 /* PhotoCollectionViewCell.swift */; };
		013FDCDC2343F48700A24022 /* LoadingView.swift in Sources */ = {isa = PBXBuildFile; fileRef = 013FDCDB2343F48700A24022 /* LoadingView.swift */; };
		013FDCDF2343F5DE00A24022 /* UICollectionView+Reusable.swift in Sources */ = {isa = PBXBuildFile; fileRef = 013FDCDE2343F5DE00A24022 /* UICollectionView+Reusable.swift */; };
		013FDCE22344032A00A24022 /* AppRouter.swift in Sources */ = {isa = PBXBuildFile; fileRef = 013FDCE12344032A00A24022 /* AppRouter.swift */; };
		013FDCE423440B8F00A24022 /* Main.storyboard in Resources */ = {isa = PBXBuildFile; fileRef = 013FDCE323440B8F00A24022 /* Main.storyboard */; };
		0160484E2344A18E00259327 /* ImageOperation.swift in Sources */ = {isa = PBXBuildFile; fileRef = 0160484D2344A18E00259327 /* ImageOperation.swift */; };
		016048502344A74500259327 /* EasyImage.swift in Sources */ = {isa = PBXBuildFile; fileRef = 0160484F2344A74500259327 /* EasyImage.swift */; };
		016048522344B12700259327 /* Collection+Extensions.swift in Sources */ = {isa = PBXBuildFile; fileRef = 016048512344B12700259327 /* Collection+Extensions.swift */; };
		016048542344CB6300259327 /* SearchResultController.swift in Sources */ = {isa = PBXBuildFile; fileRef = 016048532344CB6300259327 /* SearchResultController.swift */; };
		016048562344D02800259327 /* UIViewController+Loader.swift in Sources */ = {isa = PBXBuildFile; fileRef = 016048552344D02800259327 /* UIViewController+Loader.swift */; };
		016EFD412344F99100F2471E /* MockUtil.swift in Sources */ = {isa = PBXBuildFile; fileRef = 016EFD402344F99100F2471E /* MockUtil.swift */; };
		016EFD442345033700F2471E /* XCUIElement+Extensions.swift in Sources */ = {isa = PBXBuildFile; fileRef = 016EFD432345033700F2471E /* XCUIElement+Extensions.swift */; };
		016F9232234425580049A980 /* ImageCache.framework in Frameworks */ = {isa = PBXBuildFile; fileRef = 016F9229234425580049A980 /* ImageCache.framework */; };
		016F9239234425580049A980 /* ImageCacheTests.swift in Sources */ = {isa = PBXBuildFile; fileRef = 016F9238234425580049A980 /* ImageCacheTests.swift */; };
		016F923B234425580049A980 /* ImageCache.h in Headers */ = {isa = PBXBuildFile; fileRef = 016F922B234425580049A980 /* ImageCache.h */; settings = {ATTRIBUTES = (Public, ); }; };
		016F923E234425580049A980 /* ImageCache.framework in Frameworks */ = {isa = PBXBuildFile; fileRef = 016F9229234425580049A980 /* ImageCache.framework */; };
		016F923F234425580049A980 /* ImageCache.framework in Embed Frameworks */ = {isa = PBXBuildFile; fileRef = 016F9229234425580049A980 /* ImageCache.framework */; settings = {ATTRIBUTES = (CodeSignOnCopy, RemoveHeadersOnCopy, ); }; };
		016F924A2344256C0049A980 /* UIImageView+Cache.swift in Sources */ = {isa = PBXBuildFile; fileRef = 016F92482344256C0049A980 /* UIImageView+Cache.swift */; };
		016F924F234425AF0049A980 /* MockModel.swift in Sources */ = {isa = PBXBuildFile; fileRef = 016F924D234425AF0049A980 /* MockModel.swift */; };
		016F9250234425AF0049A980 /* NetworkingTests.swift in Sources */ = {isa = PBXBuildFile; fileRef = 016F924E234425AF0049A980 /* NetworkingTests.swift */; };
		016F9252234426D50049A980 /* UIImageView+Cache.swift in Sources */ = {isa = PBXBuildFile; fileRef = 016F9251234426D50049A980 /* UIImageView+Cache.swift */; };
		01DFCA5E233FB35D00DECB81 /* AppDelegate.swift in Sources */ = {isa = PBXBuildFile; fileRef = 01DFCA5D233FB35D00DECB81 /* AppDelegate.swift */; };
		01DFCA60233FB35D00DECB81 /* SceneDelegate.swift in Sources */ = {isa = PBXBuildFile; fileRef = 01DFCA5F233FB35D00DECB81 /* SceneDelegate.swift */; };
		01DFCA67233FB35F00DECB81 /* Assets.xcassets in Resources */ = {isa = PBXBuildFile; fileRef = 01DFCA66233FB35F00DECB81 /* Assets.xcassets */; };
		01DFCA6A233FB35F00DECB81 /* LaunchScreen.storyboard in Resources */ = {isa = PBXBuildFile; fileRef = 01DFCA68233FB35F00DECB81 /* LaunchScreen.storyboard */; };
		01DFCA80233FB35F00DECB81 /* FlickrFeedUITests.swift in Sources */ = {isa = PBXBuildFile; fileRef = 01DFCA7F233FB35F00DECB81 /* FlickrFeedUITests.swift */; };
/* End PBXBuildFile section */

/* Begin PBXContainerItemProxy section */
		013FDC54234298DF00A24022 /* PBXContainerItemProxy */ = {
			isa = PBXContainerItemProxy;
			containerPortal = 01DFCA52233FB35D00DECB81 /* Project object */;
			proxyType = 1;
			remoteGlobalIDString = 013FDC49234298DF00A24022;
			remoteInfo = EasyNetworking;
		};
		013FDC56234298DF00A24022 /* PBXContainerItemProxy */ = {
			isa = PBXContainerItemProxy;
			containerPortal = 01DFCA52233FB35D00DECB81 /* Project object */;
			proxyType = 1;
			remoteGlobalIDString = 01DFCA59233FB35D00DECB81;
			remoteInfo = FlickrFeed;
		};
		013FDC5D234298DF00A24022 /* PBXContainerItemProxy */ = {
			isa = PBXContainerItemProxy;
			containerPortal = 01DFCA52233FB35D00DECB81 /* Project object */;
			proxyType = 1;
			remoteGlobalIDString = 013FDC49234298DF00A24022;
			remoteInfo = EasyNetworking;
		};
		016F9233234425580049A980 /* PBXContainerItemProxy */ = {
			isa = PBXContainerItemProxy;
			containerPortal = 01DFCA52233FB35D00DECB81 /* Project object */;
			proxyType = 1;
			remoteGlobalIDString = 016F9228234425580049A980;
			remoteInfo = ImageCache;
		};
		016F9235234425580049A980 /* PBXContainerItemProxy */ = {
			isa = PBXContainerItemProxy;
			containerPortal = 01DFCA52233FB35D00DECB81 /* Project object */;
			proxyType = 1;
			remoteGlobalIDString = 01DFCA59233FB35D00DECB81;
			remoteInfo = FlickrFeed;
		};
		016F923C234425580049A980 /* PBXContainerItemProxy */ = {
			isa = PBXContainerItemProxy;
			containerPortal = 01DFCA52233FB35D00DECB81 /* Project object */;
			proxyType = 1;
			remoteGlobalIDString = 016F9228234425580049A980;
			remoteInfo = ImageCache;
		};
		01DFCA71233FB35F00DECB81 /* PBXContainerItemProxy */ = {
			isa = PBXContainerItemProxy;
			containerPortal = 01DFCA52233FB35D00DECB81 /* Project object */;
			proxyType = 1;
			remoteGlobalIDString = 01DFCA59233FB35D00DECB81;
			remoteInfo = FlickrFeed;
		};
		01DFCA7C233FB35F00DECB81 /* PBXContainerItemProxy */ = {
			isa = PBXContainerItemProxy;
			containerPortal = 01DFCA52233FB35D00DECB81 /* Project object */;
			proxyType = 1;
			remoteGlobalIDString = 01DFCA59233FB35D00DECB81;
			remoteInfo = FlickrFeed;
		};
/* End PBXContainerItemProxy section */

/* Begin PBXCopyFilesBuildPhase section */
		013FDC64234298DF00A24022 /* Embed Frameworks */ = {
			isa = PBXCopyFilesBuildPhase;
			buildActionMask = 2147483647;
			dstPath = "";
			dstSubfolderSpec = 10;
			files = (
				013FDC60234298DF00A24022 /* EasyNetworking.framework in Embed Frameworks */,
				016F923F234425580049A980 /* ImageCache.framework in Embed Frameworks */,
			);
			name = "Embed Frameworks";
			runOnlyForDeploymentPostprocessing = 0;
		};
/* End PBXCopyFilesBuildPhase section */

/* Begin PBXFileReference section */
		010AD8252344E53900819A6D /* UIViewController+Alert.swift */ = {isa = PBXFileReference; lastKnownFileType = sourcecode.swift; path = "UIViewController+Alert.swift"; sourceTree = "<group>"; };
		010AD8272344EF0800819A6D /* EasyCache.swift */ = {isa = PBXFileReference; lastKnownFileType = sourcecode.swift; path = EasyCache.swift; sourceTree = "<group>"; };
		013F034323459465002E29E8 /* AppError.swift */ = {isa = PBXFileReference; lastKnownFileType = sourcecode.swift; path = AppError.swift; sourceTree = "<group>"; };
		013F0346234598DE002E29E8 /* FlickrAPIEndPointTests.swift */ = {isa = PBXFileReference; lastKnownFileType = sourcecode.swift; path = FlickrAPIEndPointTests.swift; sourceTree = "<group>"; };
		013F03492345F2E6002E29E8 /* MockNetworking.swift */ = {isa = PBXFileReference; lastKnownFileType = sourcecode.swift; path = MockNetworking.swift; sourceTree = "<group>"; };
		013F034B2345FC8B002E29E8 /* MockRequestBehaviour.swift */ = {isa = PBXFileReference; lastKnownFileType = sourcecode.swift; path = MockRequestBehaviour.swift; sourceTree = "<group>"; };
		013F034D234600E0002E29E8 /* MockEndPoint.swift */ = {isa = PBXFileReference; lastKnownFileType = sourcecode.swift; path = MockEndPoint.swift; sourceTree = "<group>"; };
		013F034F23460856002E29E8 /* Constants.swift */ = {isa = PBXFileReference; lastKnownFileType = sourcecode.swift; path = Constants.swift; sourceTree = "<group>"; };
		013FDC4A234298DF00A24022 /* EasyNetworking.framework */ = {isa = PBXFileReference; explicitFileType = wrapper.framework; includeInIndex = 0; path = EasyNetworking.framework; sourceTree = BUILT_PRODUCTS_DIR; };
		013FDC4C234298DF00A24022 /* EasyNetworking.h */ = {isa = PBXFileReference; lastKnownFileType = sourcecode.c.h; path = EasyNetworking.h; sourceTree = "<group>"; };
		013FDC4D234298DF00A24022 /* Info.plist */ = {isa = PBXFileReference; lastKnownFileType = text.plist.xml; path = Info.plist; sourceTree = "<group>"; };
		013FDC52234298DF00A24022 /* EasyNetworkingTests.xctest */ = {isa = PBXFileReference; explicitFileType = wrapper.cfbundle; includeInIndex = 0; path = EasyNetworkingTests.xctest; sourceTree = BUILT_PRODUCTS_DIR; };
		013FDC5B234298DF00A24022 /* Info.plist */ = {isa = PBXFileReference; lastKnownFileType = text.plist.xml; path = Info.plist; sourceTree = "<group>"; };
		013FDC6A234298F400A24022 /* NetworkOperation.swift */ = {isa = PBXFileReference; fileEncoding = 4; lastKnownFileType = sourcecode.swift; path = NetworkOperation.swift; sourceTree = "<group>"; };
		013FDC6B234298F400A24022 /* URLRequest+Encoding.swift */ = {isa = PBXFileReference; fileEncoding = 4; lastKnownFileType = sourcecode.swift; path = "URLRequest+Encoding.swift"; sourceTree = "<group>"; };
		013FDC6C234298F400A24022 /* NetworkRequestBehaviour.swift */ = {isa = PBXFileReference; fileEncoding = 4; lastKnownFileType = sourcecode.swift; path = NetworkRequestBehaviour.swift; sourceTree = "<group>"; };
		013FDC6D234298F400A24022 /* RequestPreparer.swift */ = {isa = PBXFileReference; fileEncoding = 4; lastKnownFileType = sourcecode.swift; path = RequestPreparer.swift; sourceTree = "<group>"; };
		013FDC6E234298F400A24022 /* Response.swift */ = {isa = PBXFileReference; fileEncoding = 4; lastKnownFileType = sourcecode.swift; path = Response.swift; sourceTree = "<group>"; };
		013FDC6F234298F400A24022 /* NetworkDispatcher.swift */ = {isa = PBXFileReference; fileEncoding = 4; lastKnownFileType = sourcecode.swift; path = NetworkDispatcher.swift; sourceTree = "<group>"; };
		013FDC71234298F400A24022 /* NetworkBuilder.swift */ = {isa = PBXFileReference; fileEncoding = 4; lastKnownFileType = sourcecode.swift; path = NetworkBuilder.swift; sourceTree = "<group>"; };
		013FDC73234298F400A24022 /* NetworkTask.swift */ = {isa = PBXFileReference; fileEncoding = 4; lastKnownFileType = sourcecode.swift; path = NetworkTask.swift; sourceTree = "<group>"; };
		013FDC74234298F400A24022 /* URLEncoder.swift */ = {isa = PBXFileReference; fileEncoding = 4; lastKnownFileType = sourcecode.swift; path = URLEncoder.swift; sourceTree = "<group>"; };
		013FDC75234298F400A24022 /* EndPoint.swift */ = {isa = PBXFileReference; fileEncoding = 4; lastKnownFileType = sourcecode.swift; path = EndPoint.swift; sourceTree = "<group>"; };
		013FDC77234298F400A24022 /* StatusBarLoader.swift */ = {isa = PBXFileReference; fileEncoding = 4; lastKnownFileType = sourcecode.swift; path = StatusBarLoader.swift; sourceTree = "<group>"; };
		013FDC78234298F400A24022 /* NetworkLogger.swift */ = {isa = PBXFileReference; fileEncoding = 4; lastKnownFileType = sourcecode.swift; path = NetworkLogger.swift; sourceTree = "<group>"; };
		013FDC7A234298F400A24022 /* NetworkError.swift */ = {isa = PBXFileReference; fileEncoding = 4; lastKnownFileType = sourcecode.swift; path = NetworkError.swift; sourceTree = "<group>"; };
		013FDC9523429C5400A24022 /* FlickrFeed.swift */ = {isa = PBXFileReference; lastKnownFileType = sourcecode.swift; path = FlickrFeed.swift; sourceTree = "<group>"; };
		013FDC972342A05F00A24022 /* FlickrAPI.swift */ = {isa = PBXFileReference; lastKnownFileType = sourcecode.swift; path = FlickrAPI.swift; sourceTree = "<group>"; };
		013FDC992342A15E00A24022 /* Constants.swift */ = {isa = PBXFileReference; lastKnownFileType = sourcecode.swift; path = Constants.swift; sourceTree = "<group>"; };
		013FDCA72342A28C00A24022 /* SearchViewModel.swift */ = {isa = PBXFileReference; lastKnownFileType = sourcecode.swift; path = SearchViewModel.swift; sourceTree = "<group>"; };
		013FDCAD2343B49300A24022 /* SearchProtocols.swift */ = {isa = PBXFileReference; lastKnownFileType = sourcecode.swift; path = SearchProtocols.swift; sourceTree = "<group>"; };
		013FDCB52343B81100A24022 /* SearchInteractorTests.swift */ = {isa = PBXFileReference; lastKnownFileType = sourcecode.swift; path = SearchInteractorTests.swift; sourceTree = "<group>"; };
		013FDCB72343B81D00A24022 /* SearchPresenterTests.swift */ = {isa = PBXFileReference; lastKnownFileType = sourcecode.swift; path = SearchPresenterTests.swift; sourceTree = "<group>"; };
		013FDCB92343B86000A24022 /* SearchViewModelTests.swift */ = {isa = PBXFileReference; lastKnownFileType = sourcecode.swift; path = SearchViewModelTests.swift; sourceTree = "<group>"; };
		013FDCBC2343C10000A24022 /* EasyNetworkingMock.swift */ = {isa = PBXFileReference; lastKnownFileType = sourcecode.swift; path = EasyNetworkingMock.swift; sourceTree = "<group>"; };
		013FDCC12343C1E200A24022 /* MockData.json */ = {isa = PBXFileReference; lastKnownFileType = text.json; path = MockData.json; sourceTree = "<group>"; };
		013FDCC42343C66600A24022 /* Constants.swift */ = {isa = PBXFileReference; lastKnownFileType = sourcecode.swift; path = Constants.swift; sourceTree = "<group>"; };
		013FDCC82343E4B800A24022 /* SearchModuleBuilder.swift */ = {isa = PBXFileReference; lastKnownFileType = sourcecode.swift; path = SearchModuleBuilder.swift; sourceTree = "<group>"; };
		013FDCC92343E4B800A24022 /* SearchPresenter.swift */ = {isa = PBXFileReference; lastKnownFileType = sourcecode.swift; path = SearchPresenter.swift; sourceTree = "<group>"; };
		013FDCCA2343E4B800A24022 /* SearchRouter.swift */ = {isa = PBXFileReference; lastKnownFileType = sourcecode.swift; path = SearchRouter.swift; sourceTree = "<group>"; };
		013FDCCB2343E4B800A24022 /* SearchViewController.swift */ = {isa = PBXFileReference; lastKnownFileType = sourcecode.swift; path = SearchViewController.swift; sourceTree = "<group>"; };
		013FDCCD2343E4B800A24022 /* SearchInteractor.swift */ = {isa = PBXFileReference; lastKnownFileType = sourcecode.swift; path = SearchInteractor.swift; sourceTree = "<group>"; };
		013FDCD52343EFBE00A24022 /* UIView+Autolayout.swift */ = {isa = PBXFileReference; lastKnownFileType = sourcecode.swift; path = "UIView+Autolayout.swift"; sourceTree = "<group>"; };
		013FDCD72343F00300A24022 /* UIView+Loader.swift */ = {isa = PBXFileReference; lastKnownFileType = sourcecode.swift; path = "UIView+Loader.swift"; sourceTree = "<group>"; };
		013FDCD92343F27800A24022 /* PhotoCollectionViewCell.swift */ = {isa = PBXFileReference; lastKnownFileType = sourcecode.swift; path = PhotoCollectionViewCell.swift; sourceTree = "<group>"; };
		013FDCDB2343F48700A24022 /* LoadingView.swift */ = {isa = PBXFileReference; lastKnownFileType = sourcecode.swift; path = LoadingView.swift; sourceTree = "<group>"; };
		013FDCDE2343F5DE00A24022 /* UICollectionView+Reusable.swift */ = {isa = PBXFileReference; lastKnownFileType = sourcecode.swift; path = "UICollectionView+Reusable.swift"; sourceTree = "<group>"; };
		013FDCE12344032A00A24022 /* AppRouter.swift */ = {isa = PBXFileReference; lastKnownFileType = sourcecode.swift; path = AppRouter.swift; sourceTree = "<group>"; };
		013FDCE323440B8F00A24022 /* Main.storyboard */ = {isa = PBXFileReference; lastKnownFileType = file.storyboard; path = Main.storyboard; sourceTree = "<group>"; };
		0160484D2344A18E00259327 /* ImageOperation.swift */ = {isa = PBXFileReference; lastKnownFileType = sourcecode.swift; path = ImageOperation.swift; sourceTree = "<group>"; };
		0160484F2344A74500259327 /* EasyImage.swift */ = {isa = PBXFileReference; lastKnownFileType = sourcecode.swift; path = EasyImage.swift; sourceTree = "<group>"; };
		016048512344B12700259327 /* Collection+Extensions.swift */ = {isa = PBXFileReference; lastKnownFileType = sourcecode.swift; path = "Collection+Extensions.swift"; sourceTree = "<group>"; };
		016048532344CB6300259327 /* SearchResultController.swift */ = {isa = PBXFileReference; lastKnownFileType = sourcecode.swift; path = SearchResultController.swift; sourceTree = "<group>"; };
		016048552344D02800259327 /* UIViewController+Loader.swift */ = {isa = PBXFileReference; lastKnownFileType = sourcecode.swift; path = "UIViewController+Loader.swift"; sourceTree = "<group>"; };
		016EFD402344F99100F2471E /* MockUtil.swift */ = {isa = PBXFileReference; lastKnownFileType = sourcecode.swift; path = MockUtil.swift; sourceTree = "<group>"; };
		016EFD432345033700F2471E /* XCUIElement+Extensions.swift */ = {isa = PBXFileReference; lastKnownFileType = sourcecode.swift; path = "XCUIElement+Extensions.swift"; sourceTree = "<group>"; };
		016F9229234425580049A980 /* ImageCache.framework */ = {isa = PBXFileReference; explicitFileType = wrapper.framework; includeInIndex = 0; path = ImageCache.framework; sourceTree = BUILT_PRODUCTS_DIR; };
		016F922B234425580049A980 /* ImageCache.h */ = {isa = PBXFileReference; lastKnownFileType = sourcecode.c.h; path = ImageCache.h; sourceTree = "<group>"; };
		016F922C234425580049A980 /* Info.plist */ = {isa = PBXFileReference; lastKnownFileType = text.plist.xml; path = Info.plist; sourceTree = "<group>"; };
		016F9231234425580049A980 /* ImageCacheTests.xctest */ = {isa = PBXFileReference; explicitFileType = wrapper.cfbundle; includeInIndex = 0; path = ImageCacheTests.xctest; sourceTree = BUILT_PRODUCTS_DIR; };
		016F9238234425580049A980 /* ImageCacheTests.swift */ = {isa = PBXFileReference; lastKnownFileType = sourcecode.swift; path = ImageCacheTests.swift; sourceTree = "<group>"; };
		016F923A234425580049A980 /* Info.plist */ = {isa = PBXFileReference; lastKnownFileType = text.plist.xml; path = Info.plist; sourceTree = "<group>"; };
		016F92482344256C0049A980 /* UIImageView+Cache.swift */ = {isa = PBXFileReference; fileEncoding = 4; lastKnownFileType = sourcecode.swift; path = "UIImageView+Cache.swift"; sourceTree = "<group>"; };
		016F924D234425AF0049A980 /* MockModel.swift */ = {isa = PBXFileReference; fileEncoding = 4; lastKnownFileType = sourcecode.swift; path = MockModel.swift; sourceTree = "<group>"; };
		016F924E234425AF0049A980 /* NetworkingTests.swift */ = {isa = PBXFileReference; fileEncoding = 4; lastKnownFileType = sourcecode.swift; path = NetworkingTests.swift; sourceTree = "<group>"; };
		016F9251234426D50049A980 /* UIImageView+Cache.swift */ = {isa = PBXFileReference; lastKnownFileType = sourcecode.swift; path = "UIImageView+Cache.swift"; sourceTree = "<group>"; };
		01DFCA5A233FB35D00DECB81 /* Flickr Feed.app */ = {isa = PBXFileReference; explicitFileType = wrapper.application; includeInIndex = 0; path = "Flickr Feed.app"; sourceTree = BUILT_PRODUCTS_DIR; };
		01DFCA5D233FB35D00DECB81 /* AppDelegate.swift */ = {isa = PBXFileReference; lastKnownFileType = sourcecode.swift; path = AppDelegate.swift; sourceTree = "<group>"; };
		01DFCA5F233FB35D00DECB81 /* SceneDelegate.swift */ = {isa = PBXFileReference; lastKnownFileType = sourcecode.swift; path = SceneDelegate.swift; sourceTree = "<group>"; };
		01DFCA66233FB35F00DECB81 /* Assets.xcassets */ = {isa = PBXFileReference; lastKnownFileType = folder.assetcatalog; path = Assets.xcassets; sourceTree = "<group>"; };
		01DFCA69233FB35F00DECB81 /* Base */ = {isa = PBXFileReference; lastKnownFileType = file.storyboard; name = Base; path = Base.lproj/LaunchScreen.storyboard; sourceTree = "<group>"; };
		01DFCA6B233FB35F00DECB81 /* Info.plist */ = {isa = PBXFileReference; lastKnownFileType = text.plist.xml; path = Info.plist; sourceTree = "<group>"; };
		01DFCA70233FB35F00DECB81 /* FlickrFeedTests.xctest */ = {isa = PBXFileReference; explicitFileType = wrapper.cfbundle; includeInIndex = 0; path = FlickrFeedTests.xctest; sourceTree = BUILT_PRODUCTS_DIR; };
		01DFCA76233FB35F00DECB81 /* Info.plist */ = {isa = PBXFileReference; lastKnownFileType = text.plist.xml; path = Info.plist; sourceTree = "<group>"; };
		01DFCA7B233FB35F00DECB81 /* FlickrFeedUITests.xctest */ = {isa = PBXFileReference; explicitFileType = wrapper.cfbundle; includeInIndex = 0; path = FlickrFeedUITests.xctest; sourceTree = BUILT_PRODUCTS_DIR; };
		01DFCA7F233FB35F00DECB81 /* FlickrFeedUITests.swift */ = {isa = PBXFileReference; lastKnownFileType = sourcecode.swift; path = FlickrFeedUITests.swift; sourceTree = "<group>"; };
		01DFCA81233FB35F00DECB81 /* Info.plist */ = {isa = PBXFileReference; lastKnownFileType = text.plist.xml; path = Info.plist; sourceTree = "<group>"; };
/* End PBXFileReference section */

/* Begin PBXFrameworksBuildPhase section */
		013FDC47234298DF00A24022 /* Frameworks */ = {
			isa = PBXFrameworksBuildPhase;
			buildActionMask = 2147483647;
			files = (
			);
			runOnlyForDeploymentPostprocessing = 0;
		};
		013FDC4F234298DF00A24022 /* Frameworks */ = {
			isa = PBXFrameworksBuildPhase;
			buildActionMask = 2147483647;
			files = (
				013FDC53234298DF00A24022 /* EasyNetworking.framework in Frameworks */,
			);
			runOnlyForDeploymentPostprocessing = 0;
		};
		016F9226234425580049A980 /* Frameworks */ = {
			isa = PBXFrameworksBuildPhase;
			buildActionMask = 2147483647;
			files = (
			);
			runOnlyForDeploymentPostprocessing = 0;
		};
		016F922E234425580049A980 /* Frameworks */ = {
			isa = PBXFrameworksBuildPhase;
			buildActionMask = 2147483647;
			files = (
				016F9232234425580049A980 /* ImageCache.framework in Frameworks */,
			);
			runOnlyForDeploymentPostprocessing = 0;
		};
		01DFCA57233FB35D00DECB81 /* Frameworks */ = {
			isa = PBXFrameworksBuildPhase;
			buildActionMask = 2147483647;
			files = (
				013FDC5F234298DF00A24022 /* EasyNetworking.framework in Frameworks */,
				016F923E234425580049A980 /* ImageCache.framework in Frameworks */,
			);
			runOnlyForDeploymentPostprocessing = 0;
		};
		01DFCA6D233FB35F00DECB81 /* Frameworks */ = {
			isa = PBXFrameworksBuildPhase;
			buildActionMask = 2147483647;
			files = (
			);
			runOnlyForDeploymentPostprocessing = 0;
		};
		01DFCA78233FB35F00DECB81 /* Frameworks */ = {
			isa = PBXFrameworksBuildPhase;
			buildActionMask = 2147483647;
			files = (
			);
			runOnlyForDeploymentPostprocessing = 0;
		};
/* End PBXFrameworksBuildPhase section */

/* Begin PBXGroup section */
		013F034223459455002E29E8 /* Errors */ = {
			isa = PBXGroup;
			children = (
				013F034323459465002E29E8 /* AppError.swift */,
			);
			path = Errors;
			sourceTree = "<group>";
		};
		013F0345234598CC002E29E8 /* EndPoint */ = {
			isa = PBXGroup;
			children = (
				013F0346234598DE002E29E8 /* FlickrAPIEndPointTests.swift */,
			);
			path = EndPoint;
			sourceTree = "<group>";
		};
		013F03482345F2D2002E29E8 /* Mock */ = {
			isa = PBXGroup;
			children = (
				016F924D234425AF0049A980 /* MockModel.swift */,
				013F03492345F2E6002E29E8 /* MockNetworking.swift */,
				013F034B2345FC8B002E29E8 /* MockRequestBehaviour.swift */,
				013F034D234600E0002E29E8 /* MockEndPoint.swift */,
				013F034F23460856002E29E8 /* Constants.swift */,
			);
			path = Mock;
			sourceTree = "<group>";
		};
		013FDC4B234298DF00A24022 /* EasyNetworking */ = {
			isa = PBXGroup;
			children = (
				013FDC68234298F400A24022 /* src */,
				013FDC4C234298DF00A24022 /* EasyNetworking.h */,
				013FDC4D234298DF00A24022 /* Info.plist */,
			);
			path = EasyNetworking;
			sourceTree = "<group>";
		};
		013FDC58234298DF00A24022 /* EasyNetworkingTests */ = {
			isa = PBXGroup;
			children = (
				016F924E234425AF0049A980 /* NetworkingTests.swift */,
				013F03482345F2D2002E29E8 /* Mock */,
				013FDC5B234298DF00A24022 /* Info.plist */,
			);
			path = EasyNetworkingTests;
			sourceTree = "<group>";
		};
		013FDC68234298F400A24022 /* src */ = {
			isa = PBXGroup;
			children = (
				013FDC69234298F400A24022 /* Core */,
				013FDC70234298F400A24022 /* NetworkBuilder */,
				013FDC72234298F400A24022 /* EndPoint */,
				013FDC76234298F400A24022 /* Behaviour */,
				013FDC79234298F400A24022 /* Error */,
			);
			path = src;
			sourceTree = "<group>";
		};
		013FDC69234298F400A24022 /* Core */ = {
			isa = PBXGroup;
			children = (
				013FDC6A234298F400A24022 /* NetworkOperation.swift */,
				013FDC6B234298F400A24022 /* URLRequest+Encoding.swift */,
				013FDC6C234298F400A24022 /* NetworkRequestBehaviour.swift */,
				013FDC6D234298F400A24022 /* RequestPreparer.swift */,
				013FDC6E234298F400A24022 /* Response.swift */,
				013FDC6F234298F400A24022 /* NetworkDispatcher.swift */,
			);
			path = Core;
			sourceTree = "<group>";
		};
		013FDC70234298F400A24022 /* NetworkBuilder */ = {
			isa = PBXGroup;
			children = (
				013FDC71234298F400A24022 /* NetworkBuilder.swift */,
			);
			path = NetworkBuilder;
			sourceTree = "<group>";
		};
		013FDC72234298F400A24022 /* EndPoint */ = {
			isa = PBXGroup;
			children = (
				013FDC73234298F400A24022 /* NetworkTask.swift */,
				013FDC74234298F400A24022 /* URLEncoder.swift */,
				013FDC75234298F400A24022 /* EndPoint.swift */,
			);
			path = EndPoint;
			sourceTree = "<group>";
		};
		013FDC76234298F400A24022 /* Behaviour */ = {
			isa = PBXGroup;
			children = (
				013FDC77234298F400A24022 /* StatusBarLoader.swift */,
				013FDC78234298F400A24022 /* NetworkLogger.swift */,
			);
			path = Behaviour;
			sourceTree = "<group>";
		};
		013FDC79234298F400A24022 /* Error */ = {
			isa = PBXGroup;
			children = (
				013FDC7A234298F400A24022 /* NetworkError.swift */,
			);
			path = Error;
			sourceTree = "<group>";
		};
		013FDC882342995A00A24022 /* SupportFiles */ = {
			isa = PBXGroup;
			children = (
				013FDCE323440B8F00A24022 /* Main.storyboard */,
				01DFCA68233FB35F00DECB81 /* LaunchScreen.storyboard */,
				01DFCA66233FB35F00DECB81 /* Assets.xcassets */,
				01DFCA6B233FB35F00DECB81 /* Info.plist */,
			);
			path = SupportFiles;
			sourceTree = "<group>";
		};
		013FDC8923429A4D00A24022 /* Module */ = {
			isa = PBXGroup;
			children = (
				013FDC8A23429AAD00A24022 /* FlickrSearch */,
			);
			path = Module;
			sourceTree = "<group>";
		};
		013FDC8A23429AAD00A24022 /* FlickrSearch */ = {
			isa = PBXGroup;
			children = (
				013FDCB42343B54300A24022 /* Protocols */,
				013FDC9123429B3000A24022 /* ModuleBuilder */,
				013FDC9023429B2B00A24022 /* Router */,
				013FDC8F23429B2600A24022 /* Entity */,
				013FDC8E23429B2000A24022 /* Presenter */,
				013FDC8D23429B1300A24022 /* Interactor */,
				013FDC8C23429AD100A24022 /* View */,
			);
			path = FlickrSearch;
			sourceTree = "<group>";
		};
		013FDC8C23429AD100A24022 /* View */ = {
			isa = PBXGroup;
			children = (
				013FDCCB2343E4B800A24022 /* SearchViewController.swift */,
				013FDCD92343F27800A24022 /* PhotoCollectionViewCell.swift */,
				013FDCDB2343F48700A24022 /* LoadingView.swift */,
				016048532344CB6300259327 /* SearchResultController.swift */,
			);
			path = View;
			sourceTree = "<group>";
		};
		013FDC8D23429B1300A24022 /* Interactor */ = {
			isa = PBXGroup;
			children = (
				013FDCCD2343E4B800A24022 /* SearchInteractor.swift */,
			);
			path = Interactor;
			sourceTree = "<group>";
		};
		013FDC8E23429B2000A24022 /* Presenter */ = {
			isa = PBXGroup;
			children = (
				013FDCC92343E4B800A24022 /* SearchPresenter.swift */,
			);
			path = Presenter;
			sourceTree = "<group>";
		};
		013FDC8F23429B2600A24022 /* Entity */ = {
			isa = PBXGroup;
			children = (
				013FDC9523429C5400A24022 /* FlickrFeed.swift */,
				013FDCA72342A28C00A24022 /* SearchViewModel.swift */,
			);
			path = Entity;
			sourceTree = "<group>";
		};
		013FDC9023429B2B00A24022 /* Router */ = {
			isa = PBXGroup;
			children = (
				013FDCCA2343E4B800A24022 /* SearchRouter.swift */,
			);
			path = Router;
			sourceTree = "<group>";
		};
		013FDC9123429B3000A24022 /* ModuleBuilder */ = {
			isa = PBXGroup;
			children = (
				013FDCC82343E4B800A24022 /* SearchModuleBuilder.swift */,
			);
			path = ModuleBuilder;
			sourceTree = "<group>";
		};
		013FDC9223429B4D00A24022 /* API */ = {
			isa = PBXGroup;
			children = (
				013FDC972342A05F00A24022 /* FlickrAPI.swift */,
			);
			path = API;
			sourceTree = "<group>";
		};
		013FDC9323429B5500A24022 /* Constants */ = {
			isa = PBXGroup;
			children = (
				013FDC992342A15E00A24022 /* Constants.swift */,
			);
			path = Constants;
			sourceTree = "<group>";
		};
		013FDCA92343B26000A24022 /* SearchTests */ = {
			isa = PBXGroup;
			children = (
				013FDCB52343B81100A24022 /* SearchInteractorTests.swift */,
				013FDCB72343B81D00A24022 /* SearchPresenterTests.swift */,
				013FDCB92343B86000A24022 /* SearchViewModelTests.swift */,
			);
			path = SearchTests;
			sourceTree = "<group>";
		};
		013FDCB42343B54300A24022 /* Protocols */ = {
			isa = PBXGroup;
			children = (
				013FDCAD2343B49300A24022 /* SearchProtocols.swift */,
			);
			path = Protocols;
			sourceTree = "<group>";
		};
		013FDCBB2343C0EF00A24022 /* NetworkMock */ = {
			isa = PBXGroup;
			children = (
				013FDCBC2343C10000A24022 /* EasyNetworkingMock.swift */,
			);
			path = NetworkMock;
			sourceTree = "<group>";
		};
		013FDCBE2343C15900A24022 /* MockData */ = {
			isa = PBXGroup;
			children = (
				013FDCC12343C1E200A24022 /* MockData.json */,
				016EFD402344F99100F2471E /* MockUtil.swift */,
			);
			path = MockData;
			sourceTree = "<group>";
		};
		013FDCC32343C65900A24022 /* Constants */ = {
			isa = PBXGroup;
			children = (
				013FDCC42343C66600A24022 /* Constants.swift */,
			);
			path = Constants;
			sourceTree = "<group>";
		};
		013FDCD42343EFAE00A24022 /* Extensions */ = {
			isa = PBXGroup;
			children = (
				013FDCD52343EFBE00A24022 /* UIView+Autolayout.swift */,
				013FDCD72343F00300A24022 /* UIView+Loader.swift */,
				016F9251234426D50049A980 /* UIImageView+Cache.swift */,
				016048512344B12700259327 /* Collection+Extensions.swift */,
				010AD8252344E53900819A6D /* UIViewController+Alert.swift */,
			);
			path = Extensions;
			sourceTree = "<group>";
		};
		013FDCDD2343F5C000A24022 /* Protocols */ = {
			isa = PBXGroup;
			children = (
				013FDCDE2343F5DE00A24022 /* UICollectionView+Reusable.swift */,
				016048552344D02800259327 /* UIViewController+Loader.swift */,
			);
			path = Protocols;
			sourceTree = "<group>";
		};
		013FDCE02344031E00A24022 /* App */ = {
			isa = PBXGroup;
			children = (
				013FDCE12344032A00A24022 /* AppRouter.swift */,
				01DFCA5D233FB35D00DECB81 /* AppDelegate.swift */,
				01DFCA5F233FB35D00DECB81 /* SceneDelegate.swift */,
			);
			path = App;
			sourceTree = "<group>";
		};
		016EFD422345032300F2471E /* Extensions */ = {
			isa = PBXGroup;
			children = (
				016EFD432345033700F2471E /* XCUIElement+Extensions.swift */,
			);
			path = Extensions;
			sourceTree = "<group>";
		};
		016F922A234425580049A980 /* ImageCache */ = {
			isa = PBXGroup;
			children = (
				016F92462344256C0049A980 /* src */,
				016F922B234425580049A980 /* ImageCache.h */,
				016F922C234425580049A980 /* Info.plist */,
			);
			path = ImageCache;
			sourceTree = "<group>";
		};
		016F9237234425580049A980 /* ImageCacheTests */ = {
			isa = PBXGroup;
			children = (
				016F9238234425580049A980 /* ImageCacheTests.swift */,
				016F923A234425580049A980 /* Info.plist */,
			);
			path = ImageCacheTests;
			sourceTree = "<group>";
		};
		016F92462344256C0049A980 /* src */ = {
			isa = PBXGroup;
			children = (
				016F92472344256C0049A980 /* Core */,
			);
			path = src;
			sourceTree = "<group>";
		};
		016F92472344256C0049A980 /* Core */ = {
			isa = PBXGroup;
			children = (
				016F92482344256C0049A980 /* UIImageView+Cache.swift */,
				0160484D2344A18E00259327 /* ImageOperation.swift */,
				0160484F2344A74500259327 /* EasyImage.swift */,
				010AD8272344EF0800819A6D /* EasyCache.swift */,
			);
			path = Core;
			sourceTree = "<group>";
		};
		01DFCA51233FB35D00DECB81 = {
			isa = PBXGroup;
			children = (
				01DFCA5C233FB35D00DECB81 /* FlickrFeed */,
				01DFCA73233FB35F00DECB81 /* FlickrFeedTests */,
				01DFCA7E233FB35F00DECB81 /* FlickrFeedUITests */,
				013FDC4B234298DF00A24022 /* EasyNetworking */,
				013FDC58234298DF00A24022 /* EasyNetworkingTests */,
				016F922A234425580049A980 /* ImageCache */,
				016F9237234425580049A980 /* ImageCacheTests */,
				01DFCA5B233FB35D00DECB81 /* Products */,
			);
			sourceTree = "<group>";
		};
		01DFCA5B233FB35D00DECB81 /* Products */ = {
			isa = PBXGroup;
			children = (
				01DFCA5A233FB35D00DECB81 /* Flickr Feed.app */,
				01DFCA70233FB35F00DECB81 /* FlickrFeedTests.xctest */,
				01DFCA7B233FB35F00DECB81 /* FlickrFeedUITests.xctest */,
				013FDC4A234298DF00A24022 /* EasyNetworking.framework */,
				013FDC52234298DF00A24022 /* EasyNetworkingTests.xctest */,
				016F9229234425580049A980 /* ImageCache.framework */,
				016F9231234425580049A980 /* ImageCacheTests.xctest */,
			);
			name = Products;
			sourceTree = "<group>";
		};
		01DFCA5C233FB35D00DECB81 /* FlickrFeed */ = {
			isa = PBXGroup;
			children = (
				013F034223459455002E29E8 /* Errors */,
				013FDCE02344031E00A24022 /* App */,
				013FDCDD2343F5C000A24022 /* Protocols */,
				013FDCD42343EFAE00A24022 /* Extensions */,
				013FDC9323429B5500A24022 /* Constants */,
				013FDC9223429B4D00A24022 /* API */,
				013FDC8923429A4D00A24022 /* Module */,
				013FDC882342995A00A24022 /* SupportFiles */,
			);
			path = FlickrFeed;
			sourceTree = "<group>";
		};
		01DFCA73233FB35F00DECB81 /* FlickrFeedTests */ = {
			isa = PBXGroup;
			children = (
				013F0345234598CC002E29E8 /* EndPoint */,
				013FDCC32343C65900A24022 /* Constants */,
				013FDCBE2343C15900A24022 /* MockData */,
				013FDCBB2343C0EF00A24022 /* NetworkMock */,
				013FDCA92343B26000A24022 /* SearchTests */,
				01DFCA76233FB35F00DECB81 /* Info.plist */,
			);
			path = FlickrFeedTests;
			sourceTree = "<group>";
		};
		01DFCA7E233FB35F00DECB81 /* FlickrFeedUITests */ = {
			isa = PBXGroup;
			children = (
				016EFD422345032300F2471E /* Extensions */,
				01DFCA7F233FB35F00DECB81 /* FlickrFeedUITests.swift */,
				01DFCA81233FB35F00DECB81 /* Info.plist */,
			);
			path = FlickrFeedUITests;
			sourceTree = "<group>";
		};
/* End PBXGroup section */

/* Begin PBXHeadersBuildPhase section */
		013FDC45234298DF00A24022 /* Headers */ = {
			isa = PBXHeadersBuildPhase;
			buildActionMask = 2147483647;
			files = (
				013FDC5C234298DF00A24022 /* EasyNetworking.h in Headers */,
			);
			runOnlyForDeploymentPostprocessing = 0;
		};
		016F9224234425580049A980 /* Headers */ = {
			isa = PBXHeadersBuildPhase;
			buildActionMask = 2147483647;
			files = (
				016F923B234425580049A980 /* ImageCache.h in Headers */,
			);
			runOnlyForDeploymentPostprocessing = 0;
		};
/* End PBXHeadersBuildPhase section */

/* Begin PBXNativeTarget section */
		013FDC49234298DF00A24022 /* EasyNetworking */ = {
			isa = PBXNativeTarget;
			buildConfigurationList = 013FDC61234298DF00A24022 /* Build configuration list for PBXNativeTarget "EasyNetworking" */;
			buildPhases = (
				013FDC45234298DF00A24022 /* Headers */,
				013FDC46234298DF00A24022 /* Sources */,
				013FDC47234298DF00A24022 /* Frameworks */,
				013FDC48234298DF00A24022 /* Resources */,
			);
			buildRules = (
			);
			dependencies = (
			);
			name = EasyNetworking;
			productName = EasyNetworking;
			productReference = 013FDC4A234298DF00A24022 /* EasyNetworking.framework */;
			productType = "com.apple.product-type.framework";
		};
		013FDC51234298DF00A24022 /* EasyNetworkingTests */ = {
			isa = PBXNativeTarget;
			buildConfigurationList = 013FDC65234298DF00A24022 /* Build configuration list for PBXNativeTarget "EasyNetworkingTests" */;
			buildPhases = (
				013FDC4E234298DF00A24022 /* Sources */,
				013FDC4F234298DF00A24022 /* Frameworks */,
				013FDC50234298DF00A24022 /* Resources */,
			);
			buildRules = (
			);
			dependencies = (
				013FDC55234298DF00A24022 /* PBXTargetDependency */,
				013FDC57234298DF00A24022 /* PBXTargetDependency */,
			);
			name = EasyNetworkingTests;
			productName = EasyNetworkingTests;
			productReference = 013FDC52234298DF00A24022 /* EasyNetworkingTests.xctest */;
			productType = "com.apple.product-type.bundle.unit-test";
		};
		016F9228234425580049A980 /* ImageCache */ = {
			isa = PBXNativeTarget;
			buildConfigurationList = 016F9240234425580049A980 /* Build configuration list for PBXNativeTarget "ImageCache" */;
			buildPhases = (
				016F9224234425580049A980 /* Headers */,
				016F9225234425580049A980 /* Sources */,
				016F9226234425580049A980 /* Frameworks */,
				016F9227234425580049A980 /* Resources */,
			);
			buildRules = (
			);
			dependencies = (
			);
			name = ImageCache;
			productName = ImageCache;
			productReference = 016F9229234425580049A980 /* ImageCache.framework */;
			productType = "com.apple.product-type.framework";
		};
		016F9230234425580049A980 /* ImageCacheTests */ = {
			isa = PBXNativeTarget;
			buildConfigurationList = 016F9243234425580049A980 /* Build configuration list for PBXNativeTarget "ImageCacheTests" */;
			buildPhases = (
				016F922D234425580049A980 /* Sources */,
				016F922E234425580049A980 /* Frameworks */,
				016F922F234425580049A980 /* Resources */,
			);
			buildRules = (
			);
			dependencies = (
				016F9234234425580049A980 /* PBXTargetDependency */,
				016F9236234425580049A980 /* PBXTargetDependency */,
			);
			name = ImageCacheTests;
			productName = ImageCacheTests;
			productReference = 016F9231234425580049A980 /* ImageCacheTests.xctest */;
			productType = "com.apple.product-type.bundle.unit-test";
		};
		01DFCA59233FB35D00DECB81 /* FlickrFeed */ = {
			isa = PBXNativeTarget;
			buildConfigurationList = 01DFCA84233FB35F00DECB81 /* Build configuration list for PBXNativeTarget "FlickrFeed" */;
			buildPhases = (
				01DFCA56233FB35D00DECB81 /* Sources */,
				01DFCA57233FB35D00DECB81 /* Frameworks */,
				01DFCA58233FB35D00DECB81 /* Resources */,
				013FDC64234298DF00A24022 /* Embed Frameworks */,
			);
			buildRules = (
			);
			dependencies = (
				013FDC5E234298DF00A24022 /* PBXTargetDependency */,
				016F923D234425580049A980 /* PBXTargetDependency */,
			);
			name = FlickrFeed;
			productName = FlickrFeed;
			productReference = 01DFCA5A233FB35D00DECB81 /* Flickr Feed.app */;
			productType = "com.apple.product-type.application";
		};
		01DFCA6F233FB35F00DECB81 /* FlickrFeedTests */ = {
			isa = PBXNativeTarget;
			buildConfigurationList = 01DFCA87233FB35F00DECB81 /* Build configuration list for PBXNativeTarget "FlickrFeedTests" */;
			buildPhases = (
				01DFCA6C233FB35F00DECB81 /* Sources */,
				01DFCA6D233FB35F00DECB81 /* Frameworks */,
				01DFCA6E233FB35F00DECB81 /* Resources */,
			);
			buildRules = (
			);
			dependencies = (
				01DFCA72233FB35F00DECB81 /* PBXTargetDependency */,
			);
			name = FlickrFeedTests;
			productName = FlickrFeedTests;
			productReference = 01DFCA70233FB35F00DECB81 /* FlickrFeedTests.xctest */;
			productType = "com.apple.product-type.bundle.unit-test";
		};
		01DFCA7A233FB35F00DECB81 /* FlickrFeedUITests */ = {
			isa = PBXNativeTarget;
			buildConfigurationList = 01DFCA8A233FB35F00DECB81 /* Build configuration list for PBXNativeTarget "FlickrFeedUITests" */;
			buildPhases = (
				01DFCA77233FB35F00DECB81 /* Sources */,
				01DFCA78233FB35F00DECB81 /* Frameworks */,
				01DFCA79233FB35F00DECB81 /* Resources */,
			);
			buildRules = (
			);
			dependencies = (
				01DFCA7D233FB35F00DECB81 /* PBXTargetDependency */,
			);
			name = FlickrFeedUITests;
			productName = FlickrFeedUITests;
			productReference = 01DFCA7B233FB35F00DECB81 /* FlickrFeedUITests.xctest */;
			productType = "com.apple.product-type.bundle.ui-testing";
		};
/* End PBXNativeTarget section */

/* Begin PBXProject section */
		01DFCA52233FB35D00DECB81 /* Project object */ = {
			isa = PBXProject;
			attributes = {
				LastSwiftUpdateCheck = 1100;
				LastUpgradeCheck = 1100;
				ORGANIZATIONNAME = "Sudipta Sahoo";
				TargetAttributes = {
					013FDC49234298DF00A24022 = {
						CreatedOnToolsVersion = 11.0;
					};
					013FDC51234298DF00A24022 = {
						CreatedOnToolsVersion = 11.0;
						TestTargetID = 01DFCA59233FB35D00DECB81;
					};
					016F9228234425580049A980 = {
						CreatedOnToolsVersion = 11.0;
					};
					016F9230234425580049A980 = {
						CreatedOnToolsVersion = 11.0;
						TestTargetID = 01DFCA59233FB35D00DECB81;
					};
					01DFCA59233FB35D00DECB81 = {
						CreatedOnToolsVersion = 11.0;
					};
					01DFCA6F233FB35F00DECB81 = {
						CreatedOnToolsVersion = 11.0;
						TestTargetID = 01DFCA59233FB35D00DECB81;
					};
					01DFCA7A233FB35F00DECB81 = {
						CreatedOnToolsVersion = 11.0;
						TestTargetID = 01DFCA59233FB35D00DECB81;
					};
				};
			};
			buildConfigurationList = 01DFCA55233FB35D00DECB81 /* Build configuration list for PBXProject "FlickrFeed" */;
			compatibilityVersion = "Xcode 9.3";
			developmentRegion = en;
			hasScannedForEncodings = 0;
			knownRegions = (
				en,
				Base,
			);
			mainGroup = 01DFCA51233FB35D00DECB81;
			productRefGroup = 01DFCA5B233FB35D00DECB81 /* Products */;
			projectDirPath = "";
			projectRoot = "";
			targets = (
				01DFCA59233FB35D00DECB81 /* FlickrFeed */,
				01DFCA6F233FB35F00DECB81 /* FlickrFeedTests */,
				01DFCA7A233FB35F00DECB81 /* FlickrFeedUITests */,
				013FDC49234298DF00A24022 /* EasyNetworking */,
				013FDC51234298DF00A24022 /* EasyNetworkingTests */,
				016F9228234425580049A980 /* ImageCache */,
				016F9230234425580049A980 /* ImageCacheTests */,
			);
		};
/* End PBXProject section */

/* Begin PBXResourcesBuildPhase section */
		013FDC48234298DF00A24022 /* Resources */ = {
			isa = PBXResourcesBuildPhase;
			buildActionMask = 2147483647;
			files = (
			);
			runOnlyForDeploymentPostprocessing = 0;
		};
		013FDC50234298DF00A24022 /* Resources */ = {
			isa = PBXResourcesBuildPhase;
			buildActionMask = 2147483647;
			files = (
			);
			runOnlyForDeploymentPostprocessing = 0;
		};
		016F9227234425580049A980 /* Resources */ = {
			isa = PBXResourcesBuildPhase;
			buildActionMask = 2147483647;
			files = (
			);
			runOnlyForDeploymentPostprocessing = 0;
		};
		016F922F234425580049A980 /* Resources */ = {
			isa = PBXResourcesBuildPhase;
			buildActionMask = 2147483647;
			files = (
			);
			runOnlyForDeploymentPostprocessing = 0;
		};
		01DFCA58233FB35D00DECB81 /* Resources */ = {
			isa = PBXResourcesBuildPhase;
			buildActionMask = 2147483647;
			files = (
				013FDCE423440B8F00A24022 /* Main.storyboard in Resources */,
				01DFCA6A233FB35F00DECB81 /* LaunchScreen.storyboard in Resources */,
				01DFCA67233FB35F00DECB81 /* Assets.xcassets in Resources */,
			);
			runOnlyForDeploymentPostprocessing = 0;
		};
		01DFCA6E233FB35F00DECB81 /* Resources */ = {
			isa = PBXResourcesBuildPhase;
			buildActionMask = 2147483647;
			files = (
				013FDCC22343C1E200A24022 /* MockData.json in Resources */,
			);
			runOnlyForDeploymentPostprocessing = 0;
		};
		01DFCA79233FB35F00DECB81 /* Resources */ = {
			isa = PBXResourcesBuildPhase;
			buildActionMask = 2147483647;
			files = (
			);
			runOnlyForDeploymentPostprocessing = 0;
		};
/* End PBXResourcesBuildPhase section */

/* Begin PBXSourcesBuildPhase section */
		013FDC46234298DF00A24022 /* Sources */ = {
			isa = PBXSourcesBuildPhase;
			buildActionMask = 2147483647;
			files = (
				013FDC86234298F400A24022 /* NetworkLogger.swift in Sources */,
				013FDC7D234298F400A24022 /* NetworkRequestBehaviour.swift in Sources */,
				013FDC82234298F400A24022 /* NetworkTask.swift in Sources */,
				013FDC84234298F400A24022 /* EndPoint.swift in Sources */,
				013FDC81234298F400A24022 /* NetworkBuilder.swift in Sources */,
				013FDC83234298F400A24022 /* URLEncoder.swift in Sources */,
				013FDC7C234298F400A24022 /* URLRequest+Encoding.swift in Sources */,
				013FDC7E234298F400A24022 /* RequestPreparer.swift in Sources */,
				013FDC80234298F400A24022 /* NetworkDispatcher.swift in Sources */,
				013FDC7B234298F400A24022 /* NetworkOperation.swift in Sources */,
				013FDC87234298F400A24022 /* NetworkError.swift in Sources */,
				013FDC7F234298F400A24022 /* Response.swift in Sources */,
				013FDC85234298F400A24022 /* StatusBarLoader.swift in Sources */,
			);
			runOnlyForDeploymentPostprocessing = 0;
		};
		013FDC4E234298DF00A24022 /* Sources */ = {
			isa = PBXSourcesBuildPhase;
			buildActionMask = 2147483647;
			files = (
				013F034C2345FC8B002E29E8 /* MockRequestBehaviour.swift in Sources */,
				013F034E234600E0002E29E8 /* MockEndPoint.swift in Sources */,
				013F034A2345F2E6002E29E8 /* MockNetworking.swift in Sources */,
				013F035023460856002E29E8 /* Constants.swift in Sources */,
				016F9250234425AF0049A980 /* NetworkingTests.swift in Sources */,
				016F924F234425AF0049A980 /* MockModel.swift in Sources */,
			);
			runOnlyForDeploymentPostprocessing = 0;
		};
		016F9225234425580049A980 /* Sources */ = {
			isa = PBXSourcesBuildPhase;
			buildActionMask = 2147483647;
			files = (
				010AD8282344EF0800819A6D /* EasyCache.swift in Sources */,
				0160484E2344A18E00259327 /* ImageOperation.swift in Sources */,
				016F924A2344256C0049A980 /* UIImageView+Cache.swift in Sources */,
				016048502344A74500259327 /* EasyImage.swift in Sources */,
			);
			runOnlyForDeploymentPostprocessing = 0;
		};
		016F922D234425580049A980 /* Sources */ = {
			isa = PBXSourcesBuildPhase;
			buildActionMask = 2147483647;
			files = (
				016F9239234425580049A980 /* ImageCacheTests.swift in Sources */,
			);
			runOnlyForDeploymentPostprocessing = 0;
		};
		01DFCA56233FB35D00DECB81 /* Sources */ = {
			isa = PBXSourcesBuildPhase;
			buildActionMask = 2147483647;
			files = (
				013FDC9A2342A15E00A24022 /* Constants.swift in Sources */,
				013FDCDF2343F5DE00A24022 /* UICollectionView+Reusable.swift in Sources */,
				013FDCD82343F00300A24022 /* UIView+Loader.swift in Sources */,
				013FDCD12343E4B800A24022 /* SearchViewController.swift in Sources */,
				013FDC9623429C5400A24022 /* FlickrFeed.swift in Sources */,
				013FDCD32343E4B800A24022 /* SearchInteractor.swift in Sources */,
				013FDCCF2343E4B800A24022 /* SearchPresenter.swift in Sources */,
				016048562344D02800259327 /* UIViewController+Loader.swift in Sources */,
				013FDCA82342A28C00A24022 /* SearchViewModel.swift in Sources */,
				01DFCA5E233FB35D00DECB81 /* AppDelegate.swift in Sources */,
				010AD8262344E53900819A6D /* UIViewController+Alert.swift in Sources */,
				016048522344B12700259327 /* Collection+Extensions.swift in Sources */,
				013FDCB22343B49300A24022 /* SearchProtocols.swift in Sources */,
				013FDCD62343EFBE00A24022 /* UIView+Autolayout.swift in Sources */,
				013FDCDC2343F48700A24022 /* LoadingView.swift in Sources */,
				013FDCD02343E4B800A24022 /* SearchRouter.swift in Sources */,
				013FDCDA2343F27800A24022 /* PhotoCollectionViewCell.swift in Sources */,
				016F9252234426D50049A980 /* UIImageView+Cache.swift in Sources */,
				016048542344CB6300259327 /* SearchResultController.swift in Sources */,
				013FDCE22344032A00A24022 /* AppRouter.swift in Sources */,
				013F034423459465002E29E8 /* AppError.swift in Sources */,
				01DFCA60233FB35D00DECB81 /* SceneDelegate.swift in Sources */,
				013FDC982342A05F00A24022 /* FlickrAPI.swift in Sources */,
				013FDCCE2343E4B800A24022 /* SearchModuleBuilder.swift in Sources */,
			);
			runOnlyForDeploymentPostprocessing = 0;
		};
		01DFCA6C233FB35F00DECB81 /* Sources */ = {
			isa = PBXSourcesBuildPhase;
			buildActionMask = 2147483647;
			files = (
				013FDCB82343B81D00A24022 /* SearchPresenterTests.swift in Sources */,
				013FDCB62343B81100A24022 /* SearchInteractorTests.swift in Sources */,
				013FDCBA2343B86000A24022 /* SearchViewModelTests.swift in Sources */,
				013FDCC52343C66600A24022 /* Constants.swift in Sources */,
				013F0347234598DE002E29E8 /* FlickrAPIEndPointTests.swift in Sources */,
				013FDCBD2343C10000A24022 /* EasyNetworkingMock.swift in Sources */,
				016EFD412344F99100F2471E /* MockUtil.swift in Sources */,
			);
			runOnlyForDeploymentPostprocessing = 0;
		};
		01DFCA77233FB35F00DECB81 /* Sources */ = {
			isa = PBXSourcesBuildPhase;
			buildActionMask = 2147483647;
			files = (
				01DFCA80233FB35F00DECB81 /* FlickrFeedUITests.swift in Sources */,
				016EFD442345033700F2471E /* XCUIElement+Extensions.swift in Sources */,
			);
			runOnlyForDeploymentPostprocessing = 0;
		};
/* End PBXSourcesBuildPhase section */

/* Begin PBXTargetDependency section */
		013FDC55234298DF00A24022 /* PBXTargetDependency */ = {
			isa = PBXTargetDependency;
			target = 013FDC49234298DF00A24022 /* EasyNetworking */;
			targetProxy = 013FDC54234298DF00A24022 /* PBXContainerItemProxy */;
		};
		013FDC57234298DF00A24022 /* PBXTargetDependency */ = {
			isa = PBXTargetDependency;
			target = 01DFCA59233FB35D00DECB81 /* FlickrFeed */;
			targetProxy = 013FDC56234298DF00A24022 /* PBXContainerItemProxy */;
		};
		013FDC5E234298DF00A24022 /* PBXTargetDependency */ = {
			isa = PBXTargetDependency;
			target = 013FDC49234298DF00A24022 /* EasyNetworking */;
			targetProxy = 013FDC5D234298DF00A24022 /* PBXContainerItemProxy */;
		};
		016F9234234425580049A980 /* PBXTargetDependency */ = {
			isa = PBXTargetDependency;
			target = 016F9228234425580049A980 /* ImageCache */;
			targetProxy = 016F9233234425580049A980 /* PBXContainerItemProxy */;
		};
		016F9236234425580049A980 /* PBXTargetDependency */ = {
			isa = PBXTargetDependency;
			target = 01DFCA59233FB35D00DECB81 /* FlickrFeed */;
			targetProxy = 016F9235234425580049A980 /* PBXContainerItemProxy */;
		};
		016F923D234425580049A980 /* PBXTargetDependency */ = {
			isa = PBXTargetDependency;
			target = 016F9228234425580049A980 /* ImageCache */;
			targetProxy = 016F923C234425580049A980 /* PBXContainerItemProxy */;
		};
		01DFCA72233FB35F00DECB81 /* PBXTargetDependency */ = {
			isa = PBXTargetDependency;
			target = 01DFCA59233FB35D00DECB81 /* FlickrFeed */;
			targetProxy = 01DFCA71233FB35F00DECB81 /* PBXContainerItemProxy */;
		};
		01DFCA7D233FB35F00DECB81 /* PBXTargetDependency */ = {
			isa = PBXTargetDependency;
			target = 01DFCA59233FB35D00DECB81 /* FlickrFeed */;
			targetProxy = 01DFCA7C233FB35F00DECB81 /* PBXContainerItemProxy */;
		};
/* End PBXTargetDependency section */

/* Begin PBXVariantGroup section */
		01DFCA68233FB35F00DECB81 /* LaunchScreen.storyboard */ = {
			isa = PBXVariantGroup;
			children = (
				01DFCA69233FB35F00DECB81 /* Base */,
			);
			name = LaunchScreen.storyboard;
			sourceTree = "<group>";
		};
/* End PBXVariantGroup section */

/* Begin XCBuildConfiguration section */
		013FDC62234298DF00A24022 /* Debug */ = {
			isa = XCBuildConfiguration;
			buildSettings = {
				CODE_SIGN_STYLE = Automatic;
				CURRENT_PROJECT_VERSION = 1;
				DEFINES_MODULE = YES;
				DEVELOPMENT_TEAM = 298428699Q;
				DYLIB_COMPATIBILITY_VERSION = 1;
				DYLIB_CURRENT_VERSION = 1;
				DYLIB_INSTALL_NAME_BASE = "@rpath";
				INFOPLIST_FILE = EasyNetworking/Info.plist;
				INSTALL_PATH = "$(LOCAL_LIBRARY_DIR)/Frameworks";
				IPHONEOS_DEPLOYMENT_TARGET = 10.0;
				LD_RUNPATH_SEARCH_PATHS = (
					"$(inherited)",
					"@executable_path/Frameworks",
					"@loader_path/Frameworks",
				);
				PRODUCT_BUNDLE_IDENTIFIER = com.sudiptasahoo.EasyNetworking;
				PRODUCT_NAME = "$(TARGET_NAME:c99extidentifier)";
				SKIP_INSTALL = YES;
				SWIFT_VERSION = 5.0;
				TARGETED_DEVICE_FAMILY = "1,2";
				VERSIONING_SYSTEM = "apple-generic";
				VERSION_INFO_PREFIX = "";
			};
			name = Debug;
		};
		013FDC63234298DF00A24022 /* Release */ = {
			isa = XCBuildConfiguration;
			buildSettings = {
				CODE_SIGN_STYLE = Automatic;
				CURRENT_PROJECT_VERSION = 1;
				DEFINES_MODULE = YES;
				DEVELOPMENT_TEAM = 298428699Q;
				DYLIB_COMPATIBILITY_VERSION = 1;
				DYLIB_CURRENT_VERSION = 1;
				DYLIB_INSTALL_NAME_BASE = "@rpath";
				INFOPLIST_FILE = EasyNetworking/Info.plist;
				INSTALL_PATH = "$(LOCAL_LIBRARY_DIR)/Frameworks";
				IPHONEOS_DEPLOYMENT_TARGET = 10.0;
				LD_RUNPATH_SEARCH_PATHS = (
					"$(inherited)",
					"@executable_path/Frameworks",
					"@loader_path/Frameworks",
				);
				PRODUCT_BUNDLE_IDENTIFIER = com.sudiptasahoo.EasyNetworking;
				PRODUCT_NAME = "$(TARGET_NAME:c99extidentifier)";
				SKIP_INSTALL = YES;
				SWIFT_VERSION = 5.0;
				TARGETED_DEVICE_FAMILY = "1,2";
				VERSIONING_SYSTEM = "apple-generic";
				VERSION_INFO_PREFIX = "";
			};
			name = Release;
		};
		013FDC66234298DF00A24022 /* Debug */ = {
			isa = XCBuildConfiguration;
			buildSettings = {
				ALWAYS_EMBED_SWIFT_STANDARD_LIBRARIES = YES;
				BUNDLE_LOADER = "$(TEST_HOST)";
				CODE_SIGN_STYLE = Automatic;
				DEVELOPMENT_TEAM = 298428699Q;
				INFOPLIST_FILE = EasyNetworkingTests/Info.plist;
				LD_RUNPATH_SEARCH_PATHS = (
					"$(inherited)",
					"@executable_path/Frameworks",
					"@loader_path/Frameworks",
				);
				PRODUCT_BUNDLE_IDENTIFIER = com.sudiptasahoo.EasyNetworkingTests;
				PRODUCT_NAME = "$(TARGET_NAME)";
				SWIFT_VERSION = 5.0;
				TARGETED_DEVICE_FAMILY = "1,2";
				TEST_HOST = "$(BUILT_PRODUCTS_DIR)/Flickr Feed.app/Flickr Feed";
			};
			name = Debug;
		};
		013FDC67234298DF00A24022 /* Release */ = {
			isa = XCBuildConfiguration;
			buildSettings = {
				ALWAYS_EMBED_SWIFT_STANDARD_LIBRARIES = YES;
				BUNDLE_LOADER = "$(TEST_HOST)";
				CODE_SIGN_STYLE = Automatic;
				DEVELOPMENT_TEAM = 298428699Q;
				INFOPLIST_FILE = EasyNetworkingTests/Info.plist;
				LD_RUNPATH_SEARCH_PATHS = (
					"$(inherited)",
					"@executable_path/Frameworks",
					"@loader_path/Frameworks",
				);
				PRODUCT_BUNDLE_IDENTIFIER = com.sudiptasahoo.EasyNetworkingTests;
				PRODUCT_NAME = "$(TARGET_NAME)";
				SWIFT_VERSION = 5.0;
				TARGETED_DEVICE_FAMILY = "1,2";
				TEST_HOST = "$(BUILT_PRODUCTS_DIR)/Flickr Feed.app/Flickr Feed";
			};
			name = Release;
		};
		016F9241234425580049A980 /* Debug */ = {
			isa = XCBuildConfiguration;
			buildSettings = {
				CODE_SIGN_STYLE = Automatic;
				CURRENT_PROJECT_VERSION = 1;
				DEFINES_MODULE = YES;
				DEVELOPMENT_TEAM = 298428699Q;
				DYLIB_COMPATIBILITY_VERSION = 1;
				DYLIB_CURRENT_VERSION = 1;
				DYLIB_INSTALL_NAME_BASE = "@rpath";
				INFOPLIST_FILE = ImageCache/Info.plist;
				INSTALL_PATH = "$(LOCAL_LIBRARY_DIR)/Frameworks";
				IPHONEOS_DEPLOYMENT_TARGET = 10.0;
				LD_RUNPATH_SEARCH_PATHS = (
					"$(inherited)",
					"@executable_path/Frameworks",
					"@loader_path/Frameworks",
				);
				PRODUCT_BUNDLE_IDENTIFIER = com.sudiptasahoo.ImageCache;
				PRODUCT_NAME = "$(TARGET_NAME:c99extidentifier)";
				SKIP_INSTALL = YES;
				SWIFT_VERSION = 5.0;
				TARGETED_DEVICE_FAMILY = "1,2";
				VERSIONING_SYSTEM = "apple-generic";
				VERSION_INFO_PREFIX = "";
			};
			name = Debug;
		};
		016F9242234425580049A980 /* Release */ = {
			isa = XCBuildConfiguration;
			buildSettings = {
				CODE_SIGN_STYLE = Automatic;
				CURRENT_PROJECT_VERSION = 1;
				DEFINES_MODULE = YES;
				DEVELOPMENT_TEAM = 298428699Q;
				DYLIB_COMPATIBILITY_VERSION = 1;
				DYLIB_CURRENT_VERSION = 1;
				DYLIB_INSTALL_NAME_BASE = "@rpath";
				INFOPLIST_FILE = ImageCache/Info.plist;
				INSTALL_PATH = "$(LOCAL_LIBRARY_DIR)/Frameworks";
				IPHONEOS_DEPLOYMENT_TARGET = 10.0;
				LD_RUNPATH_SEARCH_PATHS = (
					"$(inherited)",
					"@executable_path/Frameworks",
					"@loader_path/Frameworks",
				);
				PRODUCT_BUNDLE_IDENTIFIER = com.sudiptasahoo.ImageCache;
				PRODUCT_NAME = "$(TARGET_NAME:c99extidentifier)";
				SKIP_INSTALL = YES;
				SWIFT_VERSION = 5.0;
				TARGETED_DEVICE_FAMILY = "1,2";
				VERSIONING_SYSTEM = "apple-generic";
				VERSION_INFO_PREFIX = "";
			};
			name = Release;
		};
		016F9244234425580049A980 /* Debug */ = {
			isa = XCBuildConfiguration;
			buildSettings = {
				ALWAYS_EMBED_SWIFT_STANDARD_LIBRARIES = YES;
				BUNDLE_LOADER = "$(TEST_HOST)";
				CODE_SIGN_STYLE = Automatic;
				DEVELOPMENT_TEAM = 298428699Q;
				INFOPLIST_FILE = ImageCacheTests/Info.plist;
				LD_RUNPATH_SEARCH_PATHS = (
					"$(inherited)",
					"@executable_path/Frameworks",
					"@loader_path/Frameworks",
				);
				PRODUCT_BUNDLE_IDENTIFIER = com.sudiptasahoo.ImageCacheTests;
				PRODUCT_NAME = "$(TARGET_NAME)";
				SWIFT_VERSION = 5.0;
				TARGETED_DEVICE_FAMILY = "1,2";
				TEST_HOST = "$(BUILT_PRODUCTS_DIR)/Flickr Feed.app/Flickr Feed";
			};
			name = Debug;
		};
		016F9245234425580049A980 /* Release */ = {
			isa = XCBuildConfiguration;
			buildSettings = {
				ALWAYS_EMBED_SWIFT_STANDARD_LIBRARIES = YES;
				BUNDLE_LOADER = "$(TEST_HOST)";
				CODE_SIGN_STYLE = Automatic;
				DEVELOPMENT_TEAM = 298428699Q;
				INFOPLIST_FILE = ImageCacheTests/Info.plist;
				LD_RUNPATH_SEARCH_PATHS = (
					"$(inherited)",
					"@executable_path/Frameworks",
					"@loader_path/Frameworks",
				);
				PRODUCT_BUNDLE_IDENTIFIER = com.sudiptasahoo.ImageCacheTests;
				PRODUCT_NAME = "$(TARGET_NAME)";
				SWIFT_VERSION = 5.0;
				TARGETED_DEVICE_FAMILY = "1,2";
				TEST_HOST = "$(BUILT_PRODUCTS_DIR)/Flickr Feed.app/Flickr Feed";
			};
			name = Release;
		};
		01DFCA82233FB35F00DECB81 /* Debug */ = {
			isa = XCBuildConfiguration;
			buildSettings = {
				ALWAYS_SEARCH_USER_PATHS = NO;
				CLANG_ANALYZER_NONNULL = YES;
				CLANG_ANALYZER_NUMBER_OBJECT_CONVERSION = YES_AGGRESSIVE;
				CLANG_CXX_LANGUAGE_STANDARD = "gnu++14";
				CLANG_CXX_LIBRARY = "libc++";
				CLANG_ENABLE_MODULES = YES;
				CLANG_ENABLE_OBJC_ARC = YES;
				CLANG_ENABLE_OBJC_WEAK = YES;
				CLANG_WARN_BLOCK_CAPTURE_AUTORELEASING = YES;
				CLANG_WARN_BOOL_CONVERSION = YES;
				CLANG_WARN_COMMA = YES;
				CLANG_WARN_CONSTANT_CONVERSION = YES;
				CLANG_WARN_DEPRECATED_OBJC_IMPLEMENTATIONS = YES;
				CLANG_WARN_DIRECT_OBJC_ISA_USAGE = YES_ERROR;
				CLANG_WARN_DOCUMENTATION_COMMENTS = YES;
				CLANG_WARN_EMPTY_BODY = YES;
				CLANG_WARN_ENUM_CONVERSION = YES;
				CLANG_WARN_INFINITE_RECURSION = YES;
				CLANG_WARN_INT_CONVERSION = YES;
				CLANG_WARN_NON_LITERAL_NULL_CONVERSION = YES;
				CLANG_WARN_OBJC_IMPLICIT_RETAIN_SELF = YES;
				CLANG_WARN_OBJC_LITERAL_CONVERSION = YES;
				CLANG_WARN_OBJC_ROOT_CLASS = YES_ERROR;
				CLANG_WARN_RANGE_LOOP_ANALYSIS = YES;
				CLANG_WARN_STRICT_PROTOTYPES = YES;
				CLANG_WARN_SUSPICIOUS_MOVE = YES;
				CLANG_WARN_UNGUARDED_AVAILABILITY = YES_AGGRESSIVE;
				CLANG_WARN_UNREACHABLE_CODE = YES;
				CLANG_WARN__DUPLICATE_METHOD_MATCH = YES;
				COPY_PHASE_STRIP = NO;
				DEBUG_INFORMATION_FORMAT = dwarf;
				ENABLE_STRICT_OBJC_MSGSEND = YES;
				ENABLE_TESTABILITY = YES;
				GCC_C_LANGUAGE_STANDARD = gnu11;
				GCC_DYNAMIC_NO_PIC = NO;
				GCC_NO_COMMON_BLOCKS = YES;
				GCC_OPTIMIZATION_LEVEL = 0;
				GCC_PREPROCESSOR_DEFINITIONS = (
					"DEBUG=1",
					"$(inherited)",
				);
				GCC_WARN_64_TO_32_BIT_CONVERSION = YES;
				GCC_WARN_ABOUT_RETURN_TYPE = YES_ERROR;
				GCC_WARN_UNDECLARED_SELECTOR = YES;
				GCC_WARN_UNINITIALIZED_AUTOS = YES_AGGRESSIVE;
				GCC_WARN_UNUSED_FUNCTION = YES;
				GCC_WARN_UNUSED_VARIABLE = YES;
				IPHONEOS_DEPLOYMENT_TARGET = 13.0;
				MTL_ENABLE_DEBUG_INFO = INCLUDE_SOURCE;
				MTL_FAST_MATH = YES;
				ONLY_ACTIVE_ARCH = YES;
				SDKROOT = iphoneos;
				SWIFT_ACTIVE_COMPILATION_CONDITIONS = DEBUG;
				SWIFT_OPTIMIZATION_LEVEL = "-Onone";
			};
			name = Debug;
		};
		01DFCA83233FB35F00DECB81 /* Release */ = {
			isa = XCBuildConfiguration;
			buildSettings = {
				ALWAYS_SEARCH_USER_PATHS = NO;
				CLANG_ANALYZER_NONNULL = YES;
				CLANG_ANALYZER_NUMBER_OBJECT_CONVERSION = YES_AGGRESSIVE;
				CLANG_CXX_LANGUAGE_STANDARD = "gnu++14";
				CLANG_CXX_LIBRARY = "libc++";
				CLANG_ENABLE_MODULES = YES;
				CLANG_ENABLE_OBJC_ARC = YES;
				CLANG_ENABLE_OBJC_WEAK = YES;
				CLANG_WARN_BLOCK_CAPTURE_AUTORELEASING = YES;
				CLANG_WARN_BOOL_CONVERSION = YES;
				CLANG_WARN_COMMA = YES;
				CLANG_WARN_CONSTANT_CONVERSION = YES;
				CLANG_WARN_DEPRECATED_OBJC_IMPLEMENTATIONS = YES;
				CLANG_WARN_DIRECT_OBJC_ISA_USAGE = YES_ERROR;
				CLANG_WARN_DOCUMENTATION_COMMENTS = YES;
				CLANG_WARN_EMPTY_BODY = YES;
				CLANG_WARN_ENUM_CONVERSION = YES;
				CLANG_WARN_INFINITE_RECURSION = YES;
				CLANG_WARN_INT_CONVERSION = YES;
				CLANG_WARN_NON_LITERAL_NULL_CONVERSION = YES;
				CLANG_WARN_OBJC_IMPLICIT_RETAIN_SELF = YES;
				CLANG_WARN_OBJC_LITERAL_CONVERSION = YES;
				CLANG_WARN_OBJC_ROOT_CLASS = YES_ERROR;
				CLANG_WARN_RANGE_LOOP_ANALYSIS = YES;
				CLANG_WARN_STRICT_PROTOTYPES = YES;
				CLANG_WARN_SUSPICIOUS_MOVE = YES;
				CLANG_WARN_UNGUARDED_AVAILABILITY = YES_AGGRESSIVE;
				CLANG_WARN_UNREACHABLE_CODE = YES;
				CLANG_WARN__DUPLICATE_METHOD_MATCH = YES;
				COPY_PHASE_STRIP = NO;
				DEBUG_INFORMATION_FORMAT = "dwarf-with-dsym";
				ENABLE_NS_ASSERTIONS = NO;
				ENABLE_STRICT_OBJC_MSGSEND = YES;
				GCC_C_LANGUAGE_STANDARD = gnu11;
				GCC_NO_COMMON_BLOCKS = YES;
				GCC_WARN_64_TO_32_BIT_CONVERSION = YES;
				GCC_WARN_ABOUT_RETURN_TYPE = YES_ERROR;
				GCC_WARN_UNDECLARED_SELECTOR = YES;
				GCC_WARN_UNINITIALIZED_AUTOS = YES_AGGRESSIVE;
				GCC_WARN_UNUSED_FUNCTION = YES;
				GCC_WARN_UNUSED_VARIABLE = YES;
				IPHONEOS_DEPLOYMENT_TARGET = 13.0;
				MTL_ENABLE_DEBUG_INFO = NO;
				MTL_FAST_MATH = YES;
				SDKROOT = iphoneos;
				SWIFT_COMPILATION_MODE = wholemodule;
				SWIFT_OPTIMIZATION_LEVEL = "-O";
				VALIDATE_PRODUCT = YES;
			};
			name = Release;
		};
		01DFCA85233FB35F00DECB81 /* Debug */ = {
			isa = XCBuildConfiguration;
			buildSettings = {
				ALWAYS_EMBED_SWIFT_STANDARD_LIBRARIES = YES;
				ASSETCATALOG_COMPILER_APPICON_NAME = AppIcon;
				CODE_SIGN_STYLE = Automatic;
				DEVELOPMENT_TEAM = 298428699Q;
				INFOPLIST_FILE = FlickrFeed/SupportFiles/Info.plist;
				IPHONEOS_DEPLOYMENT_TARGET = 10.0;
				LD_RUNPATH_SEARCH_PATHS = (
					"$(inherited)",
					"@executable_path/Frameworks",
				);
				PRODUCT_BUNDLE_IDENTIFIER = com.sudiptasahoo.FlickrFeed;
				PRODUCT_NAME = "Flickr Feed";
				SWIFT_VERSION = 5.0;
				TARGETED_DEVICE_FAMILY = "1,2";
			};
			name = Debug;
		};
		01DFCA86233FB35F00DECB81 /* Release */ = {
			isa = XCBuildConfiguration;
			buildSettings = {
				ALWAYS_EMBED_SWIFT_STANDARD_LIBRARIES = YES;
				ASSETCATALOG_COMPILER_APPICON_NAME = AppIcon;
				CODE_SIGN_STYLE = Automatic;
				DEVELOPMENT_TEAM = 298428699Q;
				INFOPLIST_FILE = FlickrFeed/SupportFiles/Info.plist;
				IPHONEOS_DEPLOYMENT_TARGET = 10.0;
				LD_RUNPATH_SEARCH_PATHS = (
					"$(inherited)",
					"@executable_path/Frameworks",
				);
				PRODUCT_BUNDLE_IDENTIFIER = com.sudiptasahoo.FlickrFeed;
				PRODUCT_NAME = "Flickr Feed";
				SWIFT_VERSION = 5.0;
				TARGETED_DEVICE_FAMILY = "1,2";
			};
			name = Release;
		};
		01DFCA88233FB35F00DECB81 /* Debug */ = {
			isa = XCBuildConfiguration;
			buildSettings = {
				ALWAYS_EMBED_SWIFT_STANDARD_LIBRARIES = YES;
				BUNDLE_LOADER = "$(TEST_HOST)";
				CODE_SIGN_STYLE = Automatic;
				DEVELOPMENT_TEAM = 298428699Q;
				INFOPLIST_FILE = FlickrFeedTests/Info.plist;
				IPHONEOS_DEPLOYMENT_TARGET = 13.0;
				LD_RUNPATH_SEARCH_PATHS = (
					"$(inherited)",
					"@executable_path/Frameworks",
					"@loader_path/Frameworks",
				);
				PRODUCT_BUNDLE_IDENTIFIER = com.sudiptasahoo.FlickrFeedTests;
				PRODUCT_NAME = "$(TARGET_NAME)";
				SWIFT_VERSION = 5.0;
				TARGETED_DEVICE_FAMILY = "1,2";
				TEST_HOST = "$(BUILT_PRODUCTS_DIR)/Flickr Feed.app/Flickr Feed";
			};
			name = Debug;
		};
		01DFCA89233FB35F00DECB81 /* Release */ = {
			isa = XCBuildConfiguration;
			buildSettings = {
				ALWAYS_EMBED_SWIFT_STANDARD_LIBRARIES = YES;
				BUNDLE_LOADER = "$(TEST_HOST)";
				CODE_SIGN_STYLE = Automatic;
				DEVELOPMENT_TEAM = 298428699Q;
				INFOPLIST_FILE = FlickrFeedTests/Info.plist;
				IPHONEOS_DEPLOYMENT_TARGET = 13.0;
				LD_RUNPATH_SEARCH_PATHS = (
					"$(inherited)",
					"@executable_path/Frameworks",
					"@loader_path/Frameworks",
				);
				PRODUCT_BUNDLE_IDENTIFIER = com.sudiptasahoo.FlickrFeedTests;
				PRODUCT_NAME = "$(TARGET_NAME)";
				SWIFT_VERSION = 5.0;
				TARGETED_DEVICE_FAMILY = "1,2";
				TEST_HOST = "$(BUILT_PRODUCTS_DIR)/Flickr Feed.app/Flickr Feed";
			};
			name = Release;
		};
		01DFCA8B233FB35F00DECB81 /* Debug */ = {
			isa = XCBuildConfiguration;
			buildSettings = {
				ALWAYS_EMBED_SWIFT_STANDARD_LIBRARIES = YES;
				CODE_SIGN_STYLE = Automatic;
				DEVELOPMENT_TEAM = 298428699Q;
				INFOPLIST_FILE = FlickrFeedUITests/Info.plist;
				LD_RUNPATH_SEARCH_PATHS = (
					"$(inherited)",
					"@executable_path/Frameworks",
					"@loader_path/Frameworks",
				);
				PRODUCT_BUNDLE_IDENTIFIER = com.sudiptasahoo.FlickrFeedUITests;
				PRODUCT_NAME = "$(TARGET_NAME)";
				SWIFT_VERSION = 5.0;
				TARGETED_DEVICE_FAMILY = "1,2";
				TEST_TARGET_NAME = FlickrFeed;
			};
			name = Debug;
		};
		01DFCA8C233FB35F00DECB81 /* Release */ = {
			isa = XCBuildConfiguration;
			buildSettings = {
				ALWAYS_EMBED_SWIFT_STANDARD_LIBRARIES = YES;
				CODE_SIGN_STYLE = Automatic;
				DEVELOPMENT_TEAM = 298428699Q;
				INFOPLIST_FILE = FlickrFeedUITests/Info.plist;
				LD_RUNPATH_SEARCH_PATHS = (
					"$(inherited)",
					"@executable_path/Frameworks",
					"@loader_path/Frameworks",
				);
				PRODUCT_BUNDLE_IDENTIFIER = com.sudiptasahoo.FlickrFeedUITests;
				PRODUCT_NAME = "$(TARGET_NAME)";
				SWIFT_VERSION = 5.0;
				TARGETED_DEVICE_FAMILY = "1,2";
				TEST_TARGET_NAME = FlickrFeed;
			};
			name = Release;
		};
/* End XCBuildConfiguration section */

/* Begin XCConfigurationList section */
		013FDC61234298DF00A24022 /* Build configuration list for PBXNativeTarget "EasyNetworking" */ = {
			isa = XCConfigurationList;
			buildConfigurations = (
				013FDC62234298DF00A24022 /* Debug */,
				013FDC63234298DF00A24022 /* Release */,
			);
			defaultConfigurationIsVisible = 0;
			defaultConfigurationName = Release;
		};
		013FDC65234298DF00A24022 /* Build configuration list for PBXNativeTarget "EasyNetworkingTests" */ = {
			isa = XCConfigurationList;
			buildConfigurations = (
				013FDC66234298DF00A24022 /* Debug */,
				013FDC67234298DF00A24022 /* Release */,
			);
			defaultConfigurationIsVisible = 0;
			defaultConfigurationName = Release;
		};
		016F9240234425580049A980 /* Build configuration list for PBXNativeTarget "ImageCache" */ = {
			isa = XCConfigurationList;
			buildConfigurations = (
				016F9241234425580049A980 /* Debug */,
				016F9242234425580049A980 /* Release */,
			);
			defaultConfigurationIsVisible = 0;
			defaultConfigurationName = Release;
		};
		016F9243234425580049A980 /* Build configuration list for PBXNativeTarget "ImageCacheTests" */ = {
			isa = XCConfigurationList;
			buildConfigurations = (
				016F9244234425580049A980 /* Debug */,
				016F9245234425580049A980 /* Release */,
			);
			defaultConfigurationIsVisible = 0;
			defaultConfigurationName = Release;
		};
		01DFCA55233FB35D00DECB81 /* Build configuration list for PBXProject "FlickrFeed" */ = {
			isa = XCConfigurationList;
			buildConfigurations = (
				01DFCA82233FB35F00DECB81 /* Debug */,
				01DFCA83233FB35F00DECB81 /* Release */,
			);
			defaultConfigurationIsVisible = 0;
			defaultConfigurationName = Release;
		};
		01DFCA84233FB35F00DECB81 /* Build configuration list for PBXNativeTarget "FlickrFeed" */ = {
			isa = XCConfigurationList;
			buildConfigurations = (
				01DFCA85233FB35F00DECB81 /* Debug */,
				01DFCA86233FB35F00DECB81 /* Release */,
			);
			defaultConfigurationIsVisible = 0;
			defaultConfigurationName = Release;
		};
		01DFCA87233FB35F00DECB81 /* Build configuration list for PBXNativeTarget "FlickrFeedTests" */ = {
			isa = XCConfigurationList;
			buildConfigurations = (
				01DFCA88233FB35F00DECB81 /* Debug */,
				01DFCA89233FB35F00DECB81 /* Release */,
			);
			defaultConfigurationIsVisible = 0;
			defaultConfigurationName = Release;
		};
		01DFCA8A233FB35F00DECB81 /* Build configuration list for PBXNativeTarget "FlickrFeedUITests" */ = {
			isa = XCConfigurationList;
			buildConfigurations = (
				01DFCA8B233FB35F00DECB81 /* Debug */,
				01DFCA8C233FB35F00DECB81 /* Release */,
			);
			defaultConfigurationIsVisible = 0;
			defaultConfigurationName = Release;
		};
/* End XCConfigurationList section */
	};
	rootObject = 01DFCA52233FB35D00DECB81 /* Project object */;
}
